// !$*UTF8*$!
{
	archiveVersion = 1;
	classes = {
	};
	objectVersion = 56;
	objects = {

/* Begin PBXBuildFile section */
		292F8AF7297D092C0014BE19 /* SwiftUIView1.swift in Sources */ = {isa = PBXBuildFile; fileRef = 292F8AF6297D092B0014BE19 /* SwiftUIView1.swift */; };
		293CCE38297C297300D410C6 /* AA2SUIApp.swift in Sources */ = {isa = PBXBuildFile; fileRef = 293CCE37297C297300D410C6 /* AA2SUIApp.swift */; };
		293CCE3A297C297300D410C6 /* ContentView.swift in Sources */ = {isa = PBXBuildFile; fileRef = 293CCE39297C297300D410C6 /* ContentView.swift */; };
		293CCE3C297C297900D410C6 /* Assets.xcassets in Resources */ = {isa = PBXBuildFile; fileRef = 293CCE3B297C297900D410C6 /* Assets.xcassets */; };
		293CCE3F297C297900D410C6 /* Preview Assets.xcassets in Resources */ = {isa = PBXBuildFile; fileRef = 293CCE3E297C297900D410C6 /* Preview Assets.xcassets */; };
		293CCE49297C297A00D410C6 /* AA2SUITests.swift in Sources */ = {isa = PBXBuildFile; fileRef = 293CCE48297C297A00D410C6 /* AA2SUITests.swift */; };
		293CCE53297C297A00D410C6 /* AA2SUIUITests.swift in Sources */ = {isa = PBXBuildFile; fileRef = 293CCE52297C297A00D410C6 /* AA2SUIUITests.swift */; };
		293CCE55297C297A00D410C6 /* AA2SUIUITestsLaunchTests.swift in Sources */ = {isa = PBXBuildFile; fileRef = 293CCE54297C297A00D410C6 /* AA2SUIUITestsLaunchTests.swift */; };
		293CCE62297C299900D410C6 /* SwiftUIView2.swift in Sources */ = {isa = PBXBuildFile; fileRef = 293CCE61297C299900D410C6 /* SwiftUIView2.swift */; };
/* End PBXBuildFile section */

/* Begin PBXContainerItemProxy section */
		293CCE45297C297A00D410C6 /* PBXContainerItemProxy */ = {
			isa = PBXContainerItemProxy;
			containerPortal = 293CCE2C297C297300D410C6 /* Project object */;
			proxyType = 1;
			remoteGlobalIDString = 293CCE33297C297300D410C6;
			remoteInfo = AA2SUI;
		};
		293CCE4F297C297A00D410C6 /* PBXContainerItemProxy */ = {
			isa = PBXContainerItemProxy;
			containerPortal = 293CCE2C297C297300D410C6 /* Project object */;
			proxyType = 1;
			remoteGlobalIDString = 293CCE33297C297300D410C6;
			remoteInfo = AA2SUI;
		};
/* End PBXContainerItemProxy section */

/* Begin PBXFileReference section */
		292F8AF6297D092B0014BE19 /* SwiftUIView1.swift */ = {isa = PBXFileReference; lastKnownFileType = sourcecode.swift; path = SwiftUIView1.swift; sourceTree = "<group>"; };
		293CCE34297C297300D410C6 /* AA2SUI.app */ = {isa = PBXFileReference; explicitFileType = wrapper.application; includeInIndex = 0; path = AA2SUI.app; sourceTree = BUILT_PRODUCTS_DIR; };
		293CCE37297C297300D410C6 /* AA2SUIApp.swift */ = {isa = PBXFileReference; lastKnownFileType = sourcecode.swift; path = AA2SUIApp.swift; sourceTree = "<group>"; };
		293CCE39297C297300D410C6 /* ContentView.swift */ = {isa = PBXFileReference; lastKnownFileType = sourcecode.swift; path = ContentView.swift; sourceTree = "<group>"; };
		293CCE3B297C297900D410C6 /* Assets.xcassets */ = {isa = PBXFileReference; lastKnownFileType = folder.assetcatalog; path = Assets.xcassets; sourceTree = "<group>"; };
		293CCE3E297C297900D410C6 /* Preview Assets.xcassets */ = {isa = PBXFileReference; lastKnownFileType = folder.assetcatalog; path = "Preview Assets.xcassets"; sourceTree = "<group>"; };
		293CCE44297C297A00D410C6 /* AA2SUITests.xctest */ = {isa = PBXFileReference; explicitFileType = wrapper.cfbundle; includeInIndex = 0; path = AA2SUITests.xctest; sourceTree = BUILT_PRODUCTS_DIR; };
		293CCE48297C297A00D410C6 /* AA2SUITests.swift */ = {isa = PBXFileReference; lastKnownFileType = sourcecode.swift; path = AA2SUITests.swift; sourceTree = "<group>"; };
		293CCE4E297C297A00D410C6 /* AA2SUIUITests.xctest */ = {isa = PBXFileReference; explicitFileType = wrapper.cfbundle; includeInIndex = 0; path = AA2SUIUITests.xctest; sourceTree = BUILT_PRODUCTS_DIR; };
		293CCE52297C297A00D410C6 /* AA2SUIUITests.swift */ = {isa = PBXFileReference; lastKnownFileType = sourcecode.swift; path = AA2SUIUITests.swift; sourceTree = "<group>"; };
		293CCE54297C297A00D410C6 /* AA2SUIUITestsLaunchTests.swift */ = {isa = PBXFileReference; lastKnownFileType = sourcecode.swift; path = AA2SUIUITestsLaunchTests.swift; sourceTree = "<group>"; };
		293CCE61297C299900D410C6 /* SwiftUIView2.swift */ = {isa = PBXFileReference; lastKnownFileType = sourcecode.swift; path = SwiftUIView2.swift; sourceTree = "<group>"; };
/* End PBXFileReference section */

/* Begin PBXFrameworksBuildPhase section */
		293CCE31297C297300D410C6 /* Frameworks */ = {
			isa = PBXFrameworksBuildPhase;
			buildActionMask = 2147483647;
			files = (
			);
			runOnlyForDeploymentPostprocessing = 0;
		};
		293CCE41297C297A00D410C6 /* Frameworks */ = {
			isa = PBXFrameworksBuildPhase;
			buildActionMask = 2147483647;
			files = (
			);
			runOnlyForDeploymentPostprocessing = 0;
		};
		293CCE4B297C297A00D410C6 /* Frameworks */ = {
			isa = PBXFrameworksBuildPhase;
			buildActionMask = 2147483647;
			files = (
			);
			runOnlyForDeploymentPostprocessing = 0;
		};
/* End PBXFrameworksBuildPhase section */

/* Begin PBXGroup section */
		293CCE2B297C297300D410C6 = {
			isa = PBXGroup;
			children = (
				293CCE36297C297300D410C6 /* AA2SUI */,
				293CCE47297C297A00D410C6 /* AA2SUITests */,
				293CCE51297C297A00D410C6 /* AA2SUIUITests */,
				293CCE35297C297300D410C6 /* Products */,
			);
			sourceTree = "<group>";
		};
		293CCE35297C297300D410C6 /* Products */ = {
			isa = PBXGroup;
			children = (
				293CCE34297C297300D410C6 /* AA2SUI.app */,
				293CCE44297C297A00D410C6 /* AA2SUITests.xctest */,
				293CCE4E297C297A00D410C6 /* AA2SUIUITests.xctest */,
			);
			name = Products;
			sourceTree = "<group>";
		};
		293CCE36297C297300D410C6 /* AA2SUI */ = {
			isa = PBXGroup;
			children = (
				293CCE37297C297300D410C6 /* AA2SUIApp.swift */,
				293CCE39297C297300D410C6 /* ContentView.swift */,
				293CCE61297C299900D410C6 /* SwiftUIView2.swift */,
				292F8AF6297D092B0014BE19 /* SwiftUIView1.swift */,
				293CCE3B297C297900D410C6 /* Assets.xcassets */,
				293CCE3D297C297900D410C6 /* Preview Content */,
			);
			path = AA2SUI;
			sourceTree = "<group>";
		};
		293CCE3D297C297900D410C6 /* Preview Content */ = {
			isa = PBXGroup;
			children = (
				293CCE3E297C297900D410C6 /* Preview Assets.xcassets */,
			);
			path = "Preview Content";
			sourceTree = "<group>";
		};
		293CCE47297C297A00D410C6 /* AA2SUITests */ = {
			isa = PBXGroup;
			children = (
				293CCE48297C297A00D410C6 /* AA2SUITests.swift */,
			);
			path = AA2SUITests;
			sourceTree = "<group>";
		};
		293CCE51297C297A00D410C6 /* AA2SUIUITests */ = {
			isa = PBXGroup;
			children = (
				293CCE52297C297A00D410C6 /* AA2SUIUITests.swift */,
				293CCE54297C297A00D410C6 /* AA2SUIUITestsLaunchTests.swift */,
			);
			path = AA2SUIUITests;
			sourceTree = "<group>";
		};
/* End PBXGroup section */

/* Begin PBXNativeTarget section */
		293CCE33297C297300D410C6 /* AA2SUI */ = {
			isa = PBXNativeTarget;
			buildConfigurationList = 293CCE58297C297A00D410C6 /* Build configuration list for PBXNativeTarget "AA2SUI" */;
			buildPhases = (
				293CCE30297C297300D410C6 /* Sources */,
				293CCE31297C297300D410C6 /* Frameworks */,
				293CCE32297C297300D410C6 /* Resources */,
			);
			buildRules = (
			);
			dependencies = (
			);
			name = AA2SUI;
			productName = AA2SUI;
			productReference = 293CCE34297C297300D410C6 /* AA2SUI.app */;
			productType = "com.apple.product-type.application";
		};
		293CCE43297C297A00D410C6 /* AA2SUITests */ = {
			isa = PBXNativeTarget;
			buildConfigurationList = 293CCE5B297C297A00D410C6 /* Build configuration list for PBXNativeTarget "AA2SUITests" */;
			buildPhases = (
				293CCE40297C297A00D410C6 /* Sources */,
				293CCE41297C297A00D410C6 /* Frameworks */,
				293CCE42297C297A00D410C6 /* Resources */,
			);
			buildRules = (
			);
			dependencies = (
				293CCE46297C297A00D410C6 /* PBXTargetDependency */,
			);
			name = AA2SUITests;
			productName = AA2SUITests;
			productReference = 293CCE44297C297A00D410C6 /* AA2SUITests.xctest */;
			productType = "com.apple.product-type.bundle.unit-test";
		};
		293CCE4D297C297A00D410C6 /* AA2SUIUITests */ = {
			isa = PBXNativeTarget;
			buildConfigurationList = 293CCE5E297C297A00D410C6 /* Build configuration list for PBXNativeTarget "AA2SUIUITests" */;
			buildPhases = (
				293CCE4A297C297A00D410C6 /* Sources */,
				293CCE4B297C297A00D410C6 /* Frameworks */,
				293CCE4C297C297A00D410C6 /* Resources */,
			);
			buildRules = (
			);
			dependencies = (
				293CCE50297C297A00D410C6 /* PBXTargetDependency */,
			);
			name = AA2SUIUITests;
			productName = AA2SUIUITests;
			productReference = 293CCE4E297C297A00D410C6 /* AA2SUIUITests.xctest */;
			productType = "com.apple.product-type.bundle.ui-testing";
		};
/* End PBXNativeTarget section */

/* Begin PBXProject section */
		293CCE2C297C297300D410C6 /* Project object */ = {
			isa = PBXProject;
			attributes = {
				BuildIndependentTargetsInParallel = 1;
				LastSwiftUpdateCheck = 1420;
				LastUpgradeCheck = 1420;
				TargetAttributes = {
					293CCE33297C297300D410C6 = {
						CreatedOnToolsVersion = 14.2;
					};
					293CCE43297C297A00D410C6 = {
						CreatedOnToolsVersion = 14.2;
						TestTargetID = 293CCE33297C297300D410C6;
					};
					293CCE4D297C297A00D410C6 = {
						CreatedOnToolsVersion = 14.2;
						TestTargetID = 293CCE33297C297300D410C6;
					};
				};
			};
			buildConfigurationList = 293CCE2F297C297300D410C6 /* Build configuration list for PBXProject "AA2SUI" */;
			compatibilityVersion = "Xcode 14.0";
			developmentRegion = en;
			hasScannedForEncodings = 0;
			knownRegions = (
				en,
				Base,
			);
			mainGroup = 293CCE2B297C297300D410C6;
			productRefGroup = 293CCE35297C297300D410C6 /* Products */;
			projectDirPath = "";
			projectRoot = "";
			targets = (
				293CCE33297C297300D410C6 /* AA2SUI */,
				293CCE43297C297A00D410C6 /* AA2SUITests */,
				293CCE4D297C297A00D410C6 /* AA2SUIUITests */,
			);
		};
/* End PBXProject section */

/* Begin PBXResourcesBuildPhase section */
		293CCE32297C297300D410C6 /* Resources */ = {
			isa = PBXResourcesBuildPhase;
			buildActionMask = 2147483647;
			files = (
				293CCE3F297C297900D410C6 /* Preview Assets.xcassets in Resources */,
				293CCE3C297C297900D410C6 /* Assets.xcassets in Resources */,
			);
			runOnlyForDeploymentPostprocessing = 0;
		};
		293CCE42297C297A00D410C6 /* Resources */ = {
			isa = PBXResourcesBuildPhase;
			buildActionMask = 2147483647;
			files = (
			);
			runOnlyForDeploymentPostprocessing = 0;
		};
		293CCE4C297C297A00D410C6 /* Resources */ = {
			isa = PBXResourcesBuildPhase;
			buildActionMask = 2147483647;
			files = (
			);
			runOnlyForDeploymentPostprocessing = 0;
		};
/* End PBXResourcesBuildPhase section */

/* Begin PBXSourcesBuildPhase section */
		293CCE30297C297300D410C6 /* Sources */ = {
			isa = PBXSourcesBuildPhase;
			buildActionMask = 2147483647;
			files = (
				292F8AF7297D092C0014BE19 /* SwiftUIView1.swift in Sources */,
				293CCE3A297C297300D410C6 /* ContentView.swift in Sources */,
				293CCE38297C297300D410C6 /* AA2SUIApp.swift in Sources */,
				293CCE62297C299900D410C6 /* SwiftUIView2.swift in Sources */,
			);
			runOnlyForDeploymentPostprocessing = 0;
		};
		293CCE40297C297A00D410C6 /* Sources */ = {
			isa = PBXSourcesBuildPhase;
			buildActionMask = 2147483647;
			files = (
				293CCE49297C297A00D410C6 /* AA2SUITests.swift in Sources */,
			);
			runOnlyForDeploymentPostprocessing = 0;
		};
		293CCE4A297C297A00D410C6 /* Sources */ = {
			isa = PBXSourcesBuildPhase;
			buildActionMask = 2147483647;
			files = (
				293CCE53297C297A00D410C6 /* AA2SUIUITests.swift in Sources */,
				293CCE55297C297A00D410C6 /* AA2SUIUITestsLaunchTests.swift in Sources */,
			);
			runOnlyForDeploymentPostprocessing = 0;
		};
/* End PBXSourcesBuildPhase section */

/* Begin PBXTargetDependency section */
		293CCE46297C297A00D410C6 /* PBXTargetDependency */ = {
			isa = PBXTargetDependency;
			target = 293CCE33297C297300D410C6 /* AA2SUI */;
			targetProxy = 293CCE45297C297A00D410C6 /* PBXContainerItemProxy */;
		};
		293CCE50297C297A00D410C6 /* PBXTargetDependency */ = {
			isa = PBXTargetDependency;
			target = 293CCE33297C297300D410C6 /* AA2SUI */;
			targetProxy = 293CCE4F297C297A00D410C6 /* PBXContainerItemProxy */;
		};
/* End PBXTargetDependency section */

/* Begin XCBuildConfiguration section */
		293CCE56297C297A00D410C6 /* Debug */ = {
			isa = XCBuildConfiguration;
			buildSettings = {
				ALWAYS_SEARCH_USER_PATHS = NO;
				CLANG_ANALYZER_NONNULL = YES;
				CLANG_ANALYZER_NUMBER_OBJECT_CONVERSION = YES_AGGRESSIVE;
				CLANG_CXX_LANGUAGE_STANDARD = "gnu++20";
				CLANG_ENABLE_MODULES = YES;
				CLANG_ENABLE_OBJC_ARC = YES;
				CLANG_ENABLE_OBJC_WEAK = YES;
				CLANG_WARN_BLOCK_CAPTURE_AUTORELEASING = YES;
				CLANG_WARN_BOOL_CONVERSION = YES;
				CLANG_WARN_COMMA = YES;
				CLANG_WARN_CONSTANT_CONVERSION = YES;
				CLANG_WARN_DEPRECATED_OBJC_IMPLEMENTATIONS = YES;
				CLANG_WARN_DIRECT_OBJC_ISA_USAGE = YES_ERROR;
				CLANG_WARN_DOCUMENTATION_COMMENTS = YES;
				CLANG_WARN_EMPTY_BODY = YES;
				CLANG_WARN_ENUM_CONVERSION = YES;
				CLANG_WARN_INFINITE_RECURSION = YES;
				CLANG_WARN_INT_CONVERSION = YES;
				CLANG_WARN_NON_LITERAL_NULL_CONVERSION = YES;
				CLANG_WARN_OBJC_IMPLICIT_RETAIN_SELF = YES;
				CLANG_WARN_OBJC_LITERAL_CONVERSION = YES;
				CLANG_WARN_OBJC_ROOT_CLASS = YES_ERROR;
				CLANG_WARN_QUOTED_INCLUDE_IN_FRAMEWORK_HEADER = YES;
				CLANG_WARN_RANGE_LOOP_ANALYSIS = YES;
				CLANG_WARN_STRICT_PROTOTYPES = YES;
				CLANG_WARN_SUSPICIOUS_MOVE = YES;
				CLANG_WARN_UNGUARDED_AVAILABILITY = YES_AGGRESSIVE;
				CLANG_WARN_UNREACHABLE_CODE = YES;
				CLANG_WARN__DUPLICATE_METHOD_MATCH = YES;
				COPY_PHASE_STRIP = NO;
				DEBUG_INFORMATION_FORMAT = dwarf;
				ENABLE_STRICT_OBJC_MSGSEND = YES;
				ENABLE_TESTABILITY = YES;
				GCC_C_LANGUAGE_STANDARD = gnu11;
				GCC_DYNAMIC_NO_PIC = NO;
				GCC_NO_COMMON_BLOCKS = YES;
				GCC_OPTIMIZATION_LEVEL = 0;
				GCC_PREPROCESSOR_DEFINITIONS = (
					"DEBUG=1",
					"$(inherited)",
				);
				GCC_WARN_64_TO_32_BIT_CONVERSION = YES;
				GCC_WARN_ABOUT_RETURN_TYPE = YES_ERROR;
				GCC_WARN_UNDECLARED_SELECTOR = YES;
				GCC_WARN_UNINITIALIZED_AUTOS = YES_AGGRESSIVE;
				GCC_WARN_UNUSED_FUNCTION = YES;
				GCC_WARN_UNUSED_VARIABLE = YES;
				IPHONEOS_DEPLOYMENT_TARGET = 16.2;
				MTL_ENABLE_DEBUG_INFO = INCLUDE_SOURCE;
				MTL_FAST_MATH = YES;
				ONLY_ACTIVE_ARCH = YES;
				SDKROOT = iphoneos;
				SWIFT_ACTIVE_COMPILATION_CONDITIONS = DEBUG;
				SWIFT_OPTIMIZATION_LEVEL = "-Onone";
			};
			name = Debug;
		};
		293CCE57297C297A00D410C6 /* Release */ = {
			isa = XCBuildConfiguration;
			buildSettings = {
				ALWAYS_SEARCH_USER_PATHS = NO;
				CLANG_ANALYZER_NONNULL = YES;
				CLANG_ANALYZER_NUMBER_OBJECT_CONVERSION = YES_AGGRESSIVE;
				CLANG_CXX_LANGUAGE_STANDARD = "gnu++20";
				CLANG_ENABLE_MODULES = YES;
				CLANG_ENABLE_OBJC_ARC = YES;
				CLANG_ENABLE_OBJC_WEAK = YES;
				CLANG_WARN_BLOCK_CAPTURE_AUTORELEASING = YES;
				CLANG_WARN_BOOL_CONVERSION = YES;
				CLANG_WARN_COMMA = YES;
				CLANG_WARN_CONSTANT_CONVERSION = YES;
				CLANG_WARN_DEPRECATED_OBJC_IMPLEMENTATIONS = YES;
				CLANG_WARN_DIRECT_OBJC_ISA_USAGE = YES_ERROR;
				CLANG_WARN_DOCUMENTATION_COMMENTS = YES;
				CLANG_WARN_EMPTY_BODY = YES;
				CLANG_WARN_ENUM_CONVERSION = YES;
				CLANG_WARN_INFINITE_RECURSION = YES;
				CLANG_WARN_INT_CONVERSION = YES;
				CLANG_WARN_NON_LITERAL_NULL_CONVERSION = YES;
				CLANG_WARN_OBJC_IMPLICIT_RETAIN_SELF = YES;
				CLANG_WARN_OBJC_LITERAL_CONVERSION = YES;
				CLANG_WARN_OBJC_ROOT_CLASS = YES_ERROR;
				CLANG_WARN_QUOTED_INCLUDE_IN_FRAMEWORK_HEADER = YES;
				CLANG_WARN_RANGE_LOOP_ANALYSIS = YES;
				CLANG_WARN_STRICT_PROTOTYPES = YES;
				CLANG_WARN_SUSPICIOUS_MOVE = YES;
				CLANG_WARN_UNGUARDED_AVAILABILITY = YES_AGGRESSIVE;
				CLANG_WARN_UNREACHABLE_CODE = YES;
				CLANG_WARN__DUPLICATE_METHOD_MATCH = YES;
				COPY_PHASE_STRIP = NO;
				DEBUG_INFORMATION_FORMAT = "dwarf-with-dsym";
				ENABLE_NS_ASSERTIONS = NO;
				ENABLE_STRICT_OBJC_MSGSEND = YES;
				GCC_C_LANGUAGE_STANDARD = gnu11;
				GCC_NO_COMMON_BLOCKS = YES;
				GCC_WARN_64_TO_32_BIT_CONVERSION = YES;
				GCC_WARN_ABOUT_RETURN_TYPE = YES_ERROR;
				GCC_WARN_UNDECLARED_SELECTOR = YES;
				GCC_WARN_UNINITIALIZED_AUTOS = YES_AGGRESSIVE;
				GCC_WARN_UNUSED_FUNCTION = YES;
				GCC_WARN_UNUSED_VARIABLE = YES;
				IPHONEOS_DEPLOYMENT_TARGET = 16.2;
				MTL_ENABLE_DEBUG_INFO = NO;
				MTL_FAST_MATH = YES;
				SDKROOT = iphoneos;
				SWIFT_COMPILATION_MODE = wholemodule;
				SWIFT_OPTIMIZATION_LEVEL = "-O";
				VALIDATE_PRODUCT = YES;
			};
			name = Release;
		};
		293CCE59297C297A00D410C6 /* Debug */ = {
			isa = XCBuildConfiguration;
			buildSettings = {
				ASSETCATALOG_COMPILER_APPICON_NAME = AppIcon;
				ASSETCATALOG_COMPILER_GLOBAL_ACCENT_COLOR_NAME = AccentColor;
				CODE_SIGN_STYLE = Automatic;
				CURRENT_PROJECT_VERSION = 1;
				DEVELOPMENT_ASSET_PATHS = "\"AA2SUI/Preview Content\"";
				ENABLE_PREVIEWS = YES;
				GENERATE_INFOPLIST_FILE = YES;
				INFOPLIST_KEY_UIApplicationSceneManifest_Generation = YES;
				INFOPLIST_KEY_UIApplicationSupportsIndirectInputEvents = YES;
				INFOPLIST_KEY_UILaunchScreen_Generation = YES;
				INFOPLIST_KEY_UISupportedInterfaceOrientations_iPad = "UIInterfaceOrientationPortrait UIInterfaceOrientationPortraitUpsideDown UIInterfaceOrientationLandscapeLeft UIInterfaceOrientationLandscapeRight";
				INFOPLIST_KEY_UISupportedInterfaceOrientations_iPhone = "UIInterfaceOrientationPortrait UIInterfaceOrientationLandscapeLeft UIInterfaceOrientationLandscapeRight";
				LD_RUNPATH_SEARCH_PATHS = (
					"$(inherited)",
					"@executable_path/Frameworks",
				);
				MARKETING_VERSION = 1.0;
				PRODUCT_BUNDLE_IDENTIFIER = "com.-SwiftUI.AA2SUI";
				PRODUCT_NAME = "$(TARGET_NAME)";
				SWIFT_EMIT_LOC_STRINGS = YES;
				SWIFT_VERSION = 5.0;
				TARGETED_DEVICE_FAMILY = "1,2";
			};
			name = Debug;
		};
		293CCE5A297C297A00D410C6 /* Release */ = {
			isa = XCBuildConfiguration;
			buildSettings = {
				ASSETCATALOG_COMPILER_APPICON_NAME = AppIcon;
				ASSETCATALOG_COMPILER_GLOBAL_ACCENT_COLOR_NAME = AccentColor;
				CODE_SIGN_STYLE = Automatic;
				CURRENT_PROJECT_VERSION = 1;
				DEVELOPMENT_ASSET_PATHS = "\"AA2SUI/Preview Content\"";
				ENABLE_PREVIEWS = YES;
				GENERATE_INFOPLIST_FILE = YES;
				INFOPLIST_KEY_UIApplicationSceneManifest_Generation = YES;
				INFOPLIST_KEY_UIApplicationSupportsIndirectInputEvents = YES;
				INFOPLIST_KEY_UILaunchScreen_Generation = YES;
				INFOPLIST_KEY_UISupportedInterfaceOrientations_iPad = "UIInterfaceOrientationPortrait UIInterfaceOrientationPortraitUpsideDown UIInterfaceOrientationLandscapeLeft UIInterfaceOrientationLandscapeRight";
				INFOPLIST_KEY_UISupportedInterfaceOrientations_iPhone = "UIInterfaceOrientationPortrait UIInterfaceOrientationLandscapeLeft UIInterfaceOrientationLandscapeRight";
				LD_RUNPATH_SEARCH_PATHS = (
					"$(inherited)",
					"@executable_path/Frameworks",
				);
				MARKETING_VERSION = 1.0;
				PRODUCT_BUNDLE_IDENTIFIER = "com.-SwiftUI.AA2SUI";
				PRODUCT_NAME = "$(TARGET_NAME)";
				SWIFT_EMIT_LOC_STRINGS = YES;
				SWIFT_VERSION = 5.0;
				TARGETED_DEVICE_FAMILY = "1,2";
			};
			name = Release;
		};
		293CCE5C297C297A00D410C6 /* Debug */ = {
			isa = XCBuildConfiguration;
			buildSettings = {
				ALWAYS_EMBED_SWIFT_STANDARD_LIBRARIES = YES;
				BUNDLE_LOADER = "$(TEST_HOST)";
				CODE_SIGN_STYLE = Automatic;
				CURRENT_PROJECT_VERSION = 1;
				GENERATE_INFOPLIST_FILE = YES;
				IPHONEOS_DEPLOYMENT_TARGET = 16.2;
				MARKETING_VERSION = 1.0;
				PRODUCT_BUNDLE_IDENTIFIER = "com.-SwiftUI.AA2SUITests";
				PRODUCT_NAME = "$(TARGET_NAME)";
				SWIFT_EMIT_LOC_STRINGS = NO;
				SWIFT_VERSION = 5.0;
				TARGETED_DEVICE_FAMILY = "1,2";
				TEST_HOST = "$(BUILT_PRODUCTS_DIR)/AA2SUI.app/$(BUNDLE_EXECUTABLE_FOLDER_PATH)/AA2SUI";
			};
			name = Debug;
		};
		293CCE5D297C297A00D410C6 /* Release */ = {
			isa = XCBuildConfiguration;
			buildSettings = {
				ALWAYS_EMBED_SWIFT_STANDARD_LIBRARIES = YES;
				BUNDLE_LOADER = "$(TEST_HOST)";
				CODE_SIGN_STYLE = Automatic;
				CURRENT_PROJECT_VERSION = 1;
				GENERATE_INFOPLIST_FILE = YES;
				IPHONEOS_DEPLOYMENT_TARGET = 16.2;
				MARKETING_VERSION = 1.0;
				PRODUCT_BUNDLE_IDENTIFIER = "com.-SwiftUI.AA2SUITests";
				PRODUCT_NAME = "$(TARGET_NAME)";
				SWIFT_EMIT_LOC_STRINGS = NO;
				SWIFT_VERSION = 5.0;
				TARGETED_DEVICE_FAMILY = "1,2";
				TEST_HOST = "$(BUILT_PRODUCTS_DIR)/AA2SUI.app/$(BUNDLE_EXECUTABLE_FOLDER_PATH)/AA2SUI";
			};
			name = Release;
		};
		293CCE5F297C297A00D410C6 /* Debug */ = {
			isa = XCBuildConfiguration;
			buildSettings = {
				ALWAYS_EMBED_SWIFT_STANDARD_LIBRARIES = YES;
				CODE_SIGN_STYLE = Automatic;
				CURRENT_PROJECT_VERSION = 1;
				GENERATE_INFOPLIST_FILE = YES;
				MARKETING_VERSION = 1.0;
				PRODUCT_BUNDLE_IDENTIFIER = "com.-SwiftUI.AA2SUIUITests";
				PRODUCT_NAME = "$(TARGET_NAME)";
				SWIFT_EMIT_LOC_STRINGS = NO;
				SWIFT_VERSION = 5.0;
				TARGETED_DEVICE_FAMILY = "1,2";
				TEST_TARGET_NAME = AA2SUI;
			};
			name = Debug;
		};
		293CCE60297C297A00D410C6 /* Release */ = {
			isa = XCBuildConfiguration;
			buildSettings = {
				ALWAYS_EMBED_SWIFT_STANDARD_LIBRARIES = YES;
				CODE_SIGN_STYLE = Automatic;
				CURRENT_PROJECT_VERSION = 1;
				GENERATE_INFOPLIST_FILE = YES;
				MARKETING_VERSION = 1.0;
				PRODUCT_BUNDLE_IDENTIFIER = "com.-SwiftUI.AA2SUIUITests";
				PRODUCT_NAME = "$(TARGET_NAME)";
				SWIFT_EMIT_LOC_STRINGS = NO;
				SWIFT_VERSION = 5.0;
				TARGETED_DEVICE_FAMILY = "1,2";
				TEST_TARGET_NAME = AA2SUI;
			};
			name = Release;
		};
/* End XCBuildConfiguration section */

/* Begin XCConfigurationList section */
		293CCE2F297C297300D410C6 /* Build configuration list for PBXProject "AA2SUI" */ = {
			isa = XCConfigurationList;
			buildConfigurations = (
				293CCE56297C297A00D410C6 /* Debug */,
				293CCE57297C297A00D410C6 /* Release */,
			);
			defaultConfigurationIsVisible = 0;
			defaultConfigurationName = Release;
		};
		293CCE58297C297A00D410C6 /* Build configuration list for PBXNativeTarget "AA2SUI" */ = {
			isa = XCConfigurationList;
			buildConfigurations = (
				293CCE59297C297A00D410C6 /* Debug */,
				293CCE5A297C297A00D410C6 /* Release */,
			);
			defaultConfigurationIsVisible = 0;
			defaultConfigurationName = Release;
		};
		293CCE5B297C297A00D410C6 /* Build configuration list for PBXNativeTarget "AA2SUITests" */ = {
			isa = XCConfigurationList;
			buildConfigurations = (
				293CCE5C297C297A00D410C6 /* Debug */,
				293CCE5D297C297A00D410C6 /* Release */,
			);
			defaultConfigurationIsVisible = 0;
			defaultConfigurationName = Release;
		};
		293CCE5E297C297A00D410C6 /* Build configuration list for PBXNativeTarget "AA2SUIUITests" */ = {
			isa = XCConfigurationList;
			buildConfigurations = (
				293CCE5F297C297A00D410C6 /* Debug */,
				293CCE60297C297A00D410C6 /* Release */,
			);
			defaultConfigurationIsVisible = 0;
			defaultConfigurationName = Release;
		};
/* End XCConfigurationList section */
	};
	rootObject = 293CCE2C297C297300D410C6 /* Project object */;
}
