// !$*UTF8*$!
{
	archiveVersion = 1;
	classes = {
	};
	objectVersion = 56;
	objects = {

/* Begin PBXBuildFile section */
		83F10431297C5B6700B93FB4 /* TravelBookingApp.swift in Sources */ = {isa = PBXBuildFile; fileRef = 83F10430297C5B6700B93FB4 /* TravelBookingApp.swift */; };
		83F10433297C5B6700B93FB4 /* ContentView.swift in Sources */ = {isa = PBXBuildFile; fileRef = 83F10432297C5B6700B93FB4 /* ContentView.swift */; };
		83F10435297C5B6800B93FB4 /* Assets.xcassets in Resources */ = {isa = PBXBuildFile; fileRef = 83F10434297C5B6800B93FB4 /* Assets.xcassets */; };
		83F10438297C5B6800B93FB4 /* Preview Assets.xcassets in Resources */ = {isa = PBXBuildFile; fileRef = 83F10437297C5B6800B93FB4 /* Preview Assets.xcassets */; };
		83F10440297C5BD700B93FB4 /* SignInView.swift in Sources */ = {isa = PBXBuildFile; fileRef = 83F1043F297C5BD700B93FB4 /* SignInView.swift */; };
		83F10442297C5BEE00B93FB4 /* SignUpView.swift in Sources */ = {isa = PBXBuildFile; fileRef = 83F10441297C5BEE00B93FB4 /* SignUpView.swift */; };
		83F10458297C5DC200B93FB4 /* Poppins-LightItalic.ttf in Resources */ = {isa = PBXBuildFile; fileRef = 83F10445297C5DC200B93FB4 /* Poppins-LightItalic.ttf */; };
		83F10459297C5DC200B93FB4 /* Poppins-SemiBold.ttf in Resources */ = {isa = PBXBuildFile; fileRef = 83F10446297C5DC200B93FB4 /* Poppins-SemiBold.ttf */; };
		83F1045A297C5DC200B93FB4 /* Poppins-Thin.ttf in Resources */ = {isa = PBXBuildFile; fileRef = 83F10447297C5DC200B93FB4 /* Poppins-Thin.ttf */; };
		83F1045B297C5DC200B93FB4 /* Poppins-ThinItalic.ttf in Resources */ = {isa = PBXBuildFile; fileRef = 83F10448297C5DC200B93FB4 /* Poppins-ThinItalic.ttf */; };
		83F1045C297C5DC200B93FB4 /* Poppins-MediumItalic.ttf in Resources */ = {isa = PBXBuildFile; fileRef = 83F10449297C5DC200B93FB4 /* Poppins-MediumItalic.ttf */; };
		83F1045D297C5DC200B93FB4 /* Poppins-BoldItalic.ttf in Resources */ = {isa = PBXBuildFile; fileRef = 83F1044A297C5DC200B93FB4 /* Poppins-BoldItalic.ttf */; };
		83F1045E297C5DC200B93FB4 /* Poppins-ExtraBoldItalic.ttf in Resources */ = {isa = PBXBuildFile; fileRef = 83F1044B297C5DC200B93FB4 /* Poppins-ExtraBoldItalic.ttf */; };
		83F1045F297C5DC200B93FB4 /* Poppins-Italic.ttf in Resources */ = {isa = PBXBuildFile; fileRef = 83F1044C297C5DC200B93FB4 /* Poppins-Italic.ttf */; };
		83F10460297C5DC200B93FB4 /* Poppins-SemiBoldItalic.ttf in Resources */ = {isa = PBXBuildFile; fileRef = 83F1044D297C5DC200B93FB4 /* Poppins-SemiBoldItalic.ttf */; };
		83F10461297C5DC200B93FB4 /* OFL.txt in Resources */ = {isa = PBXBuildFile; fileRef = 83F1044E297C5DC200B93FB4 /* OFL.txt */; };
		83F10462297C5DC200B93FB4 /* Poppins-ExtraBold.ttf in Resources */ = {isa = PBXBuildFile; fileRef = 83F1044F297C5DC200B93FB4 /* Poppins-ExtraBold.ttf */; };
		83F10463297C5DC200B93FB4 /* Poppins-Regular.ttf in Resources */ = {isa = PBXBuildFile; fileRef = 83F10450297C5DC200B93FB4 /* Poppins-Regular.ttf */; };
		83F10464297C5DC200B93FB4 /* Poppins-ExtraLight.ttf in Resources */ = {isa = PBXBuildFile; fileRef = 83F10451297C5DC200B93FB4 /* Poppins-ExtraLight.ttf */; };
		83F10465297C5DC200B93FB4 /* Poppins-ExtraLightItalic.ttf in Resources */ = {isa = PBXBuildFile; fileRef = 83F10452297C5DC200B93FB4 /* Poppins-ExtraLightItalic.ttf */; };
		83F10466297C5DC200B93FB4 /* Poppins-Light.ttf in Resources */ = {isa = PBXBuildFile; fileRef = 83F10453297C5DC200B93FB4 /* Poppins-Light.ttf */; };
		83F10467297C5DC200B93FB4 /* Poppins-Bold.ttf in Resources */ = {isa = PBXBuildFile; fileRef = 83F10454297C5DC200B93FB4 /* Poppins-Bold.ttf */; };
		83F10468297C5DC200B93FB4 /* Poppins-Black.ttf in Resources */ = {isa = PBXBuildFile; fileRef = 83F10455297C5DC200B93FB4 /* Poppins-Black.ttf */; };
		83F10469297C5DC200B93FB4 /* Poppins-Medium.ttf in Resources */ = {isa = PBXBuildFile; fileRef = 83F10456297C5DC200B93FB4 /* Poppins-Medium.ttf */; };
		83F1046A297C5DC200B93FB4 /* Poppins-BlackItalic.ttf in Resources */ = {isa = PBXBuildFile; fileRef = 83F10457297C5DC200B93FB4 /* Poppins-BlackItalic.ttf */; };
		83F10472297C61F300B93FB4 /* Gilroy-ExtraBold.otf in Resources */ = {isa = PBXBuildFile; fileRef = 83F10470297C61F300B93FB4 /* Gilroy-ExtraBold.otf */; };
		83F10473297C61F300B93FB4 /* Gilroy-Light.otf in Resources */ = {isa = PBXBuildFile; fileRef = 83F10471297C61F300B93FB4 /* Gilroy-Light.otf */; };
		83F10476297C647F00B93FB4 /* CustomColor.swift in Sources */ = {isa = PBXBuildFile; fileRef = 83F10475297C647F00B93FB4 /* CustomColor.swift */; };
		83F1047B297C74FA00B93FB4 /* SecureInputBox.swift in Sources */ = {isa = PBXBuildFile; fileRef = 83F1047A297C74FA00B93FB4 /* SecureInputBox.swift */; };
		83F1047D297C853000B93FB4 /* SocialRectangle.swift in Sources */ = {isa = PBXBuildFile; fileRef = 83F1047C297C853000B93FB4 /* SocialRectangle.swift */; };
		83F1047F297C8EC200B93FB4 /* MainView.swift in Sources */ = {isa = PBXBuildFile; fileRef = 83F1047E297C8EC200B93FB4 /* MainView.swift */; };
		83F10482297C9E4D00B93FB4 /* PopularOfferModel.swift in Sources */ = {isa = PBXBuildFile; fileRef = 83F10481297C9E4D00B93FB4 /* PopularOfferModel.swift */; };
		83F10484297CABAD00B93FB4 /* HotelModel.swift in Sources */ = {isa = PBXBuildFile; fileRef = 83F10483297CABAD00B93FB4 /* HotelModel.swift */; };
/* End PBXBuildFile section */

/* Begin PBXFileReference section */
		83F1042D297C5B6700B93FB4 /* TravelBooking.app */ = {isa = PBXFileReference; explicitFileType = wrapper.application; includeInIndex = 0; path = TravelBooking.app; sourceTree = BUILT_PRODUCTS_DIR; };
		83F10430297C5B6700B93FB4 /* TravelBookingApp.swift */ = {isa = PBXFileReference; lastKnownFileType = sourcecode.swift; path = TravelBookingApp.swift; sourceTree = "<group>"; };
		83F10432297C5B6700B93FB4 /* ContentView.swift */ = {isa = PBXFileReference; lastKnownFileType = sourcecode.swift; path = ContentView.swift; sourceTree = "<group>"; };
		83F10434297C5B6800B93FB4 /* Assets.xcassets */ = {isa = PBXFileReference; lastKnownFileType = folder.assetcatalog; path = Assets.xcassets; sourceTree = "<group>"; };
		83F10437297C5B6800B93FB4 /* Preview Assets.xcassets */ = {isa = PBXFileReference; lastKnownFileType = folder.assetcatalog; path = "Preview Assets.xcassets"; sourceTree = "<group>"; };
		83F1043F297C5BD700B93FB4 /* SignInView.swift */ = {isa = PBXFileReference; lastKnownFileType = sourcecode.swift; path = SignInView.swift; sourceTree = "<group>"; };
		83F10441297C5BEE00B93FB4 /* SignUpView.swift */ = {isa = PBXFileReference; lastKnownFileType = sourcecode.swift; path = SignUpView.swift; sourceTree = "<group>"; };
		83F10445297C5DC200B93FB4 /* Poppins-LightItalic.ttf */ = {isa = PBXFileReference; lastKnownFileType = file; path = "Poppins-LightItalic.ttf"; sourceTree = "<group>"; };
		83F10446297C5DC200B93FB4 /* Poppins-SemiBold.ttf */ = {isa = PBXFileReference; lastKnownFileType = file; path = "Poppins-SemiBold.ttf"; sourceTree = "<group>"; };
		83F10447297C5DC200B93FB4 /* Poppins-Thin.ttf */ = {isa = PBXFileReference; lastKnownFileType = file; path = "Poppins-Thin.ttf"; sourceTree = "<group>"; };
		83F10448297C5DC200B93FB4 /* Poppins-ThinItalic.ttf */ = {isa = PBXFileReference; lastKnownFileType = file; path = "Poppins-ThinItalic.ttf"; sourceTree = "<group>"; };
		83F10449297C5DC200B93FB4 /* Poppins-MediumItalic.ttf */ = {isa = PBXFileReference; lastKnownFileType = file; path = "Poppins-MediumItalic.ttf"; sourceTree = "<group>"; };
		83F1044A297C5DC200B93FB4 /* Poppins-BoldItalic.ttf */ = {isa = PBXFileReference; lastKnownFileType = file; path = "Poppins-BoldItalic.ttf"; sourceTree = "<group>"; };
		83F1044B297C5DC200B93FB4 /* Poppins-ExtraBoldItalic.ttf */ = {isa = PBXFileReference; lastKnownFileType = file; path = "Poppins-ExtraBoldItalic.ttf"; sourceTree = "<group>"; };
		83F1044C297C5DC200B93FB4 /* Poppins-Italic.ttf */ = {isa = PBXFileReference; lastKnownFileType = file; path = "Poppins-Italic.ttf"; sourceTree = "<group>"; };
		83F1044D297C5DC200B93FB4 /* Poppins-SemiBoldItalic.ttf */ = {isa = PBXFileReference; lastKnownFileType = file; path = "Poppins-SemiBoldItalic.ttf"; sourceTree = "<group>"; };
		83F1044E297C5DC200B93FB4 /* OFL.txt */ = {isa = PBXFileReference; fileEncoding = 4; lastKnownFileType = text; path = OFL.txt; sourceTree = "<group>"; };
		83F1044F297C5DC200B93FB4 /* Poppins-ExtraBold.ttf */ = {isa = PBXFileReference; lastKnownFileType = file; path = "Poppins-ExtraBold.ttf"; sourceTree = "<group>"; };
		83F10450297C5DC200B93FB4 /* Poppins-Regular.ttf */ = {isa = PBXFileReference; lastKnownFileType = file; path = "Poppins-Regular.ttf"; sourceTree = "<group>"; };
		83F10451297C5DC200B93FB4 /* Poppins-ExtraLight.ttf */ = {isa = PBXFileReference; lastKnownFileType = file; path = "Poppins-ExtraLight.ttf"; sourceTree = "<group>"; };
		83F10452297C5DC200B93FB4 /* Poppins-ExtraLightItalic.ttf */ = {isa = PBXFileReference; lastKnownFileType = file; path = "Poppins-ExtraLightItalic.ttf"; sourceTree = "<group>"; };
		83F10453297C5DC200B93FB4 /* Poppins-Light.ttf */ = {isa = PBXFileReference; lastKnownFileType = file; path = "Poppins-Light.ttf"; sourceTree = "<group>"; };
		83F10454297C5DC200B93FB4 /* Poppins-Bold.ttf */ = {isa = PBXFileReference; lastKnownFileType = file; path = "Poppins-Bold.ttf"; sourceTree = "<group>"; };
		83F10455297C5DC200B93FB4 /* Poppins-Black.ttf */ = {isa = PBXFileReference; lastKnownFileType = file; path = "Poppins-Black.ttf"; sourceTree = "<group>"; };
		83F10456297C5DC200B93FB4 /* Poppins-Medium.ttf */ = {isa = PBXFileReference; lastKnownFileType = file; path = "Poppins-Medium.ttf"; sourceTree = "<group>"; };
		83F10457297C5DC200B93FB4 /* Poppins-BlackItalic.ttf */ = {isa = PBXFileReference; lastKnownFileType = file; path = "Poppins-BlackItalic.ttf"; sourceTree = "<group>"; };
		83F1046F297C5E8C00B93FB4 /* Info.plist */ = {isa = PBXFileReference; lastKnownFileType = text.plist; path = Info.plist; sourceTree = "<group>"; };
		83F10470297C61F300B93FB4 /* Gilroy-ExtraBold.otf */ = {isa = PBXFileReference; lastKnownFileType = file; path = "Gilroy-ExtraBold.otf"; sourceTree = "<group>"; };
		83F10471297C61F300B93FB4 /* Gilroy-Light.otf */ = {isa = PBXFileReference; lastKnownFileType = file; path = "Gilroy-Light.otf"; sourceTree = "<group>"; };
		83F10475297C647F00B93FB4 /* CustomColor.swift */ = {isa = PBXFileReference; lastKnownFileType = sourcecode.swift; path = CustomColor.swift; sourceTree = "<group>"; };
		83F1047A297C74FA00B93FB4 /* SecureInputBox.swift */ = {isa = PBXFileReference; lastKnownFileType = sourcecode.swift; path = SecureInputBox.swift; sourceTree = "<group>"; };
		83F1047C297C853000B93FB4 /* SocialRectangle.swift */ = {isa = PBXFileReference; lastKnownFileType = sourcecode.swift; path = SocialRectangle.swift; sourceTree = "<group>"; };
		83F1047E297C8EC200B93FB4 /* MainView.swift */ = {isa = PBXFileReference; lastKnownFileType = sourcecode.swift; path = MainView.swift; sourceTree = "<group>"; };
		83F10481297C9E4D00B93FB4 /* PopularOfferModel.swift */ = {isa = PBXFileReference; lastKnownFileType = sourcecode.swift; path = PopularOfferModel.swift; sourceTree = "<group>"; };
		83F10483297CABAD00B93FB4 /* HotelModel.swift */ = {isa = PBXFileReference; lastKnownFileType = sourcecode.swift; path = HotelModel.swift; sourceTree = "<group>"; };
/* End PBXFileReference section */

/* Begin PBXFrameworksBuildPhase section */
		83F1042A297C5B6700B93FB4 /* Frameworks */ = {
			isa = PBXFrameworksBuildPhase;
			buildActionMask = 2147483647;
			files = (
			);
			runOnlyForDeploymentPostprocessing = 0;
		};
/* End PBXFrameworksBuildPhase section */

/* Begin PBXGroup section */
		83F10424297C5B6700B93FB4 = {
			isa = PBXGroup;
			children = (
				83F10444297C5D1F00B93FB4 /* Gilroy */,
				83F10443297C5D0200B93FB4 /* Poppins */,
				83F1042F297C5B6700B93FB4 /* TravelBooking */,
				83F1042E297C5B6700B93FB4 /* Products */,
			);
			sourceTree = "<group>";
		};
		83F1042E297C5B6700B93FB4 /* Products */ = {
			isa = PBXGroup;
			children = (
				83F1042D297C5B6700B93FB4 /* TravelBooking.app */,
			);
			name = Products;
			sourceTree = "<group>";
		};
		83F1042F297C5B6700B93FB4 /* TravelBooking */ = {
			isa = PBXGroup;
			children = (
				83F10480297C9E3A00B93FB4 /* Models */,
				83F10477297C74B800B93FB4 /* Screens */,
				83F10474297C646D00B93FB4 /* Colors */,
				83F1046F297C5E8C00B93FB4 /* Info.plist */,
				83F1043E297C5B7900B93FB4 /* Views */,
				83F10430297C5B6700B93FB4 /* TravelBookingApp.swift */,
				83F10432297C5B6700B93FB4 /* ContentView.swift */,
				83F10434297C5B6800B93FB4 /* Assets.xcassets */,
				83F10436297C5B6800B93FB4 /* Preview Content */,
			);
			path = TravelBooking;
			sourceTree = "<group>";
		};
		83F10436297C5B6800B93FB4 /* Preview Content */ = {
			isa = PBXGroup;
			children = (
				83F10437297C5B6800B93FB4 /* Preview Assets.xcassets */,
			);
			path = "Preview Content";
			sourceTree = "<group>";
		};
		83F1043E297C5B7900B93FB4 /* Views */ = {
			isa = PBXGroup;
			children = (
				83F1047A297C74FA00B93FB4 /* SecureInputBox.swift */,
				83F1047C297C853000B93FB4 /* SocialRectangle.swift */,
			);
			path = Views;
			sourceTree = "<group>";
		};
		83F10443297C5D0200B93FB4 /* Poppins */ = {
			isa = PBXGroup;
			children = (
				83F1044E297C5DC200B93FB4 /* OFL.txt */,
				83F10455297C5DC200B93FB4 /* Poppins-Black.ttf */,
				83F10457297C5DC200B93FB4 /* Poppins-BlackItalic.ttf */,
				83F10454297C5DC200B93FB4 /* Poppins-Bold.ttf */,
				83F1044A297C5DC200B93FB4 /* Poppins-BoldItalic.ttf */,
				83F1044F297C5DC200B93FB4 /* Poppins-ExtraBold.ttf */,
				83F1044B297C5DC200B93FB4 /* Poppins-ExtraBoldItalic.ttf */,
				83F10451297C5DC200B93FB4 /* Poppins-ExtraLight.ttf */,
				83F10452297C5DC200B93FB4 /* Poppins-ExtraLightItalic.ttf */,
				83F1044C297C5DC200B93FB4 /* Poppins-Italic.ttf */,
				83F10453297C5DC200B93FB4 /* Poppins-Light.ttf */,
				83F10445297C5DC200B93FB4 /* Poppins-LightItalic.ttf */,
				83F10456297C5DC200B93FB4 /* Poppins-Medium.ttf */,
				83F10449297C5DC200B93FB4 /* Poppins-MediumItalic.ttf */,
				83F10450297C5DC200B93FB4 /* Poppins-Regular.ttf */,
				83F10446297C5DC200B93FB4 /* Poppins-SemiBold.ttf */,
				83F1044D297C5DC200B93FB4 /* Poppins-SemiBoldItalic.ttf */,
				83F10447297C5DC200B93FB4 /* Poppins-Thin.ttf */,
				83F10448297C5DC200B93FB4 /* Poppins-ThinItalic.ttf */,
			);
			path = Poppins;
			sourceTree = "<group>";
		};
		83F10444297C5D1F00B93FB4 /* Gilroy */ = {
			isa = PBXGroup;
			children = (
				83F10470297C61F300B93FB4 /* Gilroy-ExtraBold.otf */,
				83F10471297C61F300B93FB4 /* Gilroy-Light.otf */,
			);
			path = Gilroy;
			sourceTree = "<group>";
		};
		83F10474297C646D00B93FB4 /* Colors */ = {
			isa = PBXGroup;
			children = (
				83F10475297C647F00B93FB4 /* CustomColor.swift */,
			);
			path = Colors;
			sourceTree = "<group>";
		};
		83F10477297C74B800B93FB4 /* Screens */ = {
			isa = PBXGroup;
			children = (
				83F1043F297C5BD700B93FB4 /* SignInView.swift */,
				83F10441297C5BEE00B93FB4 /* SignUpView.swift */,
				83F1047E297C8EC200B93FB4 /* MainView.swift */,
			);
			path = Screens;
			sourceTree = "<group>";
		};
		83F10480297C9E3A00B93FB4 /* Models */ = {
			isa = PBXGroup;
			children = (
				83F10481297C9E4D00B93FB4 /* PopularOfferModel.swift */,
				83F10483297CABAD00B93FB4 /* HotelModel.swift */,
			);
			path = Models;
			sourceTree = "<group>";
		};
/* End PBXGroup section */

/* Begin PBXNativeTarget section */
		83F1042C297C5B6700B93FB4 /* TravelBooking */ = {
			isa = PBXNativeTarget;
			buildConfigurationList = 83F1043B297C5B6800B93FB4 /* Build configuration list for PBXNativeTarget "TravelBooking" */;
			buildPhases = (
				83F10429297C5B6700B93FB4 /* Sources */,
				83F1042A297C5B6700B93FB4 /* Frameworks */,
				83F1042B297C5B6700B93FB4 /* Resources */,
			);
			buildRules = (
			);
			dependencies = (
			);
			name = TravelBooking;
			productName = TravelBooking;
			productReference = 83F1042D297C5B6700B93FB4 /* TravelBooking.app */;
			productType = "com.apple.product-type.application";
		};
/* End PBXNativeTarget section */

/* Begin PBXProject section */
		83F10425297C5B6700B93FB4 /* Project object */ = {
			isa = PBXProject;
			attributes = {
				BuildIndependentTargetsInParallel = 1;
				LastSwiftUpdateCheck = 1420;
				LastUpgradeCheck = 1420;
				TargetAttributes = {
					83F1042C297C5B6700B93FB4 = {
						CreatedOnToolsVersion = 14.2;
					};
				};
			};
			buildConfigurationList = 83F10428297C5B6700B93FB4 /* Build configuration list for PBXProject "TravelBooking" */;
			compatibilityVersion = "Xcode 14.0";
			developmentRegion = en;
			hasScannedForEncodings = 0;
			knownRegions = (
				en,
				Base,
			);
			mainGroup = 83F10424297C5B6700B93FB4;
			productRefGroup = 83F1042E297C5B6700B93FB4 /* Products */;
			projectDirPath = "";
			projectRoot = "";
			targets = (
				83F1042C297C5B6700B93FB4 /* TravelBooking */,
			);
		};
/* End PBXProject section */

/* Begin PBXResourcesBuildPhase section */
		83F1042B297C5B6700B93FB4 /* Resources */ = {
			isa = PBXResourcesBuildPhase;
			buildActionMask = 2147483647;
			files = (
				83F10465297C5DC200B93FB4 /* Poppins-ExtraLightItalic.ttf in Resources */,
				83F10472297C61F300B93FB4 /* Gilroy-ExtraBold.otf in Resources */,
				83F1046A297C5DC200B93FB4 /* Poppins-BlackItalic.ttf in Resources */,
				83F10467297C5DC200B93FB4 /* Poppins-Bold.ttf in Resources */,
				83F10466297C5DC200B93FB4 /* Poppins-Light.ttf in Resources */,
				83F10464297C5DC200B93FB4 /* Poppins-ExtraLight.ttf in Resources */,
				83F10460297C5DC200B93FB4 /* Poppins-SemiBoldItalic.ttf in Resources */,
				83F10468297C5DC200B93FB4 /* Poppins-Black.ttf in Resources */,
				83F10438297C5B6800B93FB4 /* Preview Assets.xcassets in Resources */,
				83F10459297C5DC200B93FB4 /* Poppins-SemiBold.ttf in Resources */,
				83F10458297C5DC200B93FB4 /* Poppins-LightItalic.ttf in Resources */,
				83F10473297C61F300B93FB4 /* Gilroy-Light.otf in Resources */,
				83F10469297C5DC200B93FB4 /* Poppins-Medium.ttf in Resources */,
				83F1045E297C5DC200B93FB4 /* Poppins-ExtraBoldItalic.ttf in Resources */,
				83F1045B297C5DC200B93FB4 /* Poppins-ThinItalic.ttf in Resources */,
				83F10461297C5DC200B93FB4 /* OFL.txt in Resources */,
				83F10435297C5B6800B93FB4 /* Assets.xcassets in Resources */,
				83F1045C297C5DC200B93FB4 /* Poppins-MediumItalic.ttf in Resources */,
				83F10463297C5DC200B93FB4 /* Poppins-Regular.ttf in Resources */,
				83F1045A297C5DC200B93FB4 /* Poppins-Thin.ttf in Resources */,
				83F1045F297C5DC200B93FB4 /* Poppins-Italic.ttf in Resources */,
				83F1045D297C5DC200B93FB4 /* Poppins-BoldItalic.ttf in Resources */,
				83F10462297C5DC200B93FB4 /* Poppins-ExtraBold.ttf in Resources */,
			);
			runOnlyForDeploymentPostprocessing = 0;
		};
/* End PBXResourcesBuildPhase section */

/* Begin PBXSourcesBuildPhase section */
		83F10429297C5B6700B93FB4 /* Sources */ = {
			isa = PBXSourcesBuildPhase;
			buildActionMask = 2147483647;
			files = (
				83F10484297CABAD00B93FB4 /* HotelModel.swift in Sources */,
				83F10442297C5BEE00B93FB4 /* SignUpView.swift in Sources */,
				83F1047F297C8EC200B93FB4 /* MainView.swift in Sources */,
				83F10440297C5BD700B93FB4 /* SignInView.swift in Sources */,
				83F10433297C5B6700B93FB4 /* ContentView.swift in Sources */,
				83F10476297C647F00B93FB4 /* CustomColor.swift in Sources */,
				83F10431297C5B6700B93FB4 /* TravelBookingApp.swift in Sources */,
				83F1047B297C74FA00B93FB4 /* SecureInputBox.swift in Sources */,
				83F1047D297C853000B93FB4 /* SocialRectangle.swift in Sources */,
				83F10482297C9E4D00B93FB4 /* PopularOfferModel.swift in Sources */,
			);
			runOnlyForDeploymentPostprocessing = 0;
		};
/* End PBXSourcesBuildPhase section */

/* Begin XCBuildConfiguration section */
		83F10439297C5B6800B93FB4 /* Debug */ = {
			isa = XCBuildConfiguration;
			buildSettings = {
				ALWAYS_SEARCH_USER_PATHS = NO;
				CLANG_ANALYZER_NONNULL = YES;
				CLANG_ANALYZER_NUMBER_OBJECT_CONVERSION = YES_AGGRESSIVE;
				CLANG_CXX_LANGUAGE_STANDARD = "gnu++20";
				CLANG_ENABLE_MODULES = YES;
				CLANG_ENABLE_OBJC_ARC = YES;
				CLANG_ENABLE_OBJC_WEAK = YES;
				CLANG_WARN_BLOCK_CAPTURE_AUTORELEASING = YES;
				CLANG_WARN_BOOL_CONVERSION = YES;
				CLANG_WARN_COMMA = YES;
				CLANG_WARN_CONSTANT_CONVERSION = YES;
				CLANG_WARN_DEPRECATED_OBJC_IMPLEMENTATIONS = YES;
				CLANG_WARN_DIRECT_OBJC_ISA_USAGE = YES_ERROR;
				CLANG_WARN_DOCUMENTATION_COMMENTS = YES;
				CLANG_WARN_EMPTY_BODY = YES;
				CLANG_WARN_ENUM_CONVERSION = YES;
				CLANG_WARN_INFINITE_RECURSION = YES;
				CLANG_WARN_INT_CONVERSION = YES;
				CLANG_WARN_NON_LITERAL_NULL_CONVERSION = YES;
				CLANG_WARN_OBJC_IMPLICIT_RETAIN_SELF = YES;
				CLANG_WARN_OBJC_LITERAL_CONVERSION = YES;
				CLANG_WARN_OBJC_ROOT_CLASS = YES_ERROR;
				CLANG_WARN_QUOTED_INCLUDE_IN_FRAMEWORK_HEADER = YES;
				CLANG_WARN_RANGE_LOOP_ANALYSIS = YES;
				CLANG_WARN_STRICT_PROTOTYPES = YES;
				CLANG_WARN_SUSPICIOUS_MOVE = YES;
				CLANG_WARN_UNGUARDED_AVAILABILITY = YES_AGGRESSIVE;
				CLANG_WARN_UNREACHABLE_CODE = YES;
				CLANG_WARN__DUPLICATE_METHOD_MATCH = YES;
				COPY_PHASE_STRIP = NO;
				DEBUG_INFORMATION_FORMAT = dwarf;
				ENABLE_STRICT_OBJC_MSGSEND = YES;
				ENABLE_TESTABILITY = YES;
				GCC_C_LANGUAGE_STANDARD = gnu11;
				GCC_DYNAMIC_NO_PIC = NO;
				GCC_NO_COMMON_BLOCKS = YES;
				GCC_OPTIMIZATION_LEVEL = 0;
				GCC_PREPROCESSOR_DEFINITIONS = (
					"DEBUG=1",
					"$(inherited)",
				);
				GCC_WARN_64_TO_32_BIT_CONVERSION = YES;
				GCC_WARN_ABOUT_RETURN_TYPE = YES_ERROR;
				GCC_WARN_UNDECLARED_SELECTOR = YES;
				GCC_WARN_UNINITIALIZED_AUTOS = YES_AGGRESSIVE;
				GCC_WARN_UNUSED_FUNCTION = YES;
				GCC_WARN_UNUSED_VARIABLE = YES;
				IPHONEOS_DEPLOYMENT_TARGET = 16.2;
				MTL_ENABLE_DEBUG_INFO = INCLUDE_SOURCE;
				MTL_FAST_MATH = YES;
				ONLY_ACTIVE_ARCH = YES;
				SDKROOT = iphoneos;
				SWIFT_ACTIVE_COMPILATION_CONDITIONS = DEBUG;
				SWIFT_OPTIMIZATION_LEVEL = "-Onone";
			};
			name = Debug;
		};
		83F1043A297C5B6800B93FB4 /* Release */ = {
			isa = XCBuildConfiguration;
			buildSettings = {
				ALWAYS_SEARCH_USER_PATHS = NO;
				CLANG_ANALYZER_NONNULL = YES;
				CLANG_ANALYZER_NUMBER_OBJECT_CONVERSION = YES_AGGRESSIVE;
				CLANG_CXX_LANGUAGE_STANDARD = "gnu++20";
				CLANG_ENABLE_MODULES = YES;
				CLANG_ENABLE_OBJC_ARC = YES;
				CLANG_ENABLE_OBJC_WEAK = YES;
				CLANG_WARN_BLOCK_CAPTURE_AUTORELEASING = YES;
				CLANG_WARN_BOOL_CONVERSION = YES;
				CLANG_WARN_COMMA = YES;
				CLANG_WARN_CONSTANT_CONVERSION = YES;
				CLANG_WARN_DEPRECATED_OBJC_IMPLEMENTATIONS = YES;
				CLANG_WARN_DIRECT_OBJC_ISA_USAGE = YES_ERROR;
				CLANG_WARN_DOCUMENTATION_COMMENTS = YES;
				CLANG_WARN_EMPTY_BODY = YES;
				CLANG_WARN_ENUM_CONVERSION = YES;
				CLANG_WARN_INFINITE_RECURSION = YES;
				CLANG_WARN_INT_CONVERSION = YES;
				CLANG_WARN_NON_LITERAL_NULL_CONVERSION = YES;
				CLANG_WARN_OBJC_IMPLICIT_RETAIN_SELF = YES;
				CLANG_WARN_OBJC_LITERAL_CONVERSION = YES;
				CLANG_WARN_OBJC_ROOT_CLASS = YES_ERROR;
				CLANG_WARN_QUOTED_INCLUDE_IN_FRAMEWORK_HEADER = YES;
				CLANG_WARN_RANGE_LOOP_ANALYSIS = YES;
				CLANG_WARN_STRICT_PROTOTYPES = YES;
				CLANG_WARN_SUSPICIOUS_MOVE = YES;
				CLANG_WARN_UNGUARDED_AVAILABILITY = YES_AGGRESSIVE;
				CLANG_WARN_UNREACHABLE_CODE = YES;
				CLANG_WARN__DUPLICATE_METHOD_MATCH = YES;
				COPY_PHASE_STRIP = NO;
				DEBUG_INFORMATION_FORMAT = "dwarf-with-dsym";
				ENABLE_NS_ASSERTIONS = NO;
				ENABLE_STRICT_OBJC_MSGSEND = YES;
				GCC_C_LANGUAGE_STANDARD = gnu11;
				GCC_NO_COMMON_BLOCKS = YES;
				GCC_WARN_64_TO_32_BIT_CONVERSION = YES;
				GCC_WARN_ABOUT_RETURN_TYPE = YES_ERROR;
				GCC_WARN_UNDECLARED_SELECTOR = YES;
				GCC_WARN_UNINITIALIZED_AUTOS = YES_AGGRESSIVE;
				GCC_WARN_UNUSED_FUNCTION = YES;
				GCC_WARN_UNUSED_VARIABLE = YES;
				IPHONEOS_DEPLOYMENT_TARGET = 16.2;
				MTL_ENABLE_DEBUG_INFO = NO;
				MTL_FAST_MATH = YES;
				SDKROOT = iphoneos;
				SWIFT_COMPILATION_MODE = wholemodule;
				SWIFT_OPTIMIZATION_LEVEL = "-O";
				VALIDATE_PRODUCT = YES;
			};
			name = Release;
		};
		83F1043C297C5B6800B93FB4 /* Debug */ = {
			isa = XCBuildConfiguration;
			buildSettings = {
				ASSETCATALOG_COMPILER_APPICON_NAME = AppIcon;
				ASSETCATALOG_COMPILER_GLOBAL_ACCENT_COLOR_NAME = AccentColor;
				CODE_SIGN_STYLE = Automatic;
				CURRENT_PROJECT_VERSION = 1;
				DEVELOPMENT_ASSET_PATHS = "\"TravelBooking/Preview Content\"";
				ENABLE_PREVIEWS = YES;
				GENERATE_INFOPLIST_FILE = YES;
				INFOPLIST_FILE = TravelBooking/Info.plist;
				INFOPLIST_KEY_UIApplicationSceneManifest_Generation = YES;
				INFOPLIST_KEY_UIApplicationSupportsIndirectInputEvents = YES;
				INFOPLIST_KEY_UILaunchScreen_Generation = YES;
				INFOPLIST_KEY_UISupportedInterfaceOrientations_iPad = "UIInterfaceOrientationPortrait UIInterfaceOrientationPortraitUpsideDown UIInterfaceOrientationLandscapeLeft UIInterfaceOrientationLandscapeRight";
				INFOPLIST_KEY_UISupportedInterfaceOrientations_iPhone = "UIInterfaceOrientationPortrait UIInterfaceOrientationLandscapeLeft UIInterfaceOrientationLandscapeRight";
				LD_RUNPATH_SEARCH_PATHS = (
					"$(inherited)",
					"@executable_path/Frameworks",
				);
				MARKETING_VERSION = 1.0;
				PRODUCT_BUNDLE_IDENTIFIER = com.example.TravelBooking;
				PRODUCT_NAME = "$(TARGET_NAME)";
				SWIFT_EMIT_LOC_STRINGS = YES;
				SWIFT_VERSION = 5.0;
				TARGETED_DEVICE_FAMILY = "1,2";
			};
			name = Debug;
		};
		83F1043D297C5B6800B93FB4 /* Release */ = {
			isa = XCBuildConfiguration;
			buildSettings = {
				ASSETCATALOG_COMPILER_APPICON_NAME = AppIcon;
				ASSETCATALOG_COMPILER_GLOBAL_ACCENT_COLOR_NAME = AccentColor;
				CODE_SIGN_STYLE = Automatic;
				CURRENT_PROJECT_VERSION = 1;
				DEVELOPMENT_ASSET_PATHS = "\"TravelBooking/Preview Content\"";
				ENABLE_PREVIEWS = YES;
				GENERATE_INFOPLIST_FILE = YES;
				INFOPLIST_FILE = TravelBooking/Info.plist;
				INFOPLIST_KEY_UIApplicationSceneManifest_Generation = YES;
				INFOPLIST_KEY_UIApplicationSupportsIndirectInputEvents = YES;
				INFOPLIST_KEY_UILaunchScreen_Generation = YES;
				INFOPLIST_KEY_UISupportedInterfaceOrientations_iPad = "UIInterfaceOrientationPortrait UIInterfaceOrientationPortraitUpsideDown UIInterfaceOrientationLandscapeLeft UIInterfaceOrientationLandscapeRight";
				INFOPLIST_KEY_UISupportedInterfaceOrientations_iPhone = "UIInterfaceOrientationPortrait UIInterfaceOrientationLandscapeLeft UIInterfaceOrientationLandscapeRight";
				LD_RUNPATH_SEARCH_PATHS = (
					"$(inherited)",
					"@executable_path/Frameworks",
				);
				MARKETING_VERSION = 1.0;
				PRODUCT_BUNDLE_IDENTIFIER = com.example.TravelBooking;
				PRODUCT_NAME = "$(TARGET_NAME)";
				SWIFT_EMIT_LOC_STRINGS = YES;
				SWIFT_VERSION = 5.0;
				TARGETED_DEVICE_FAMILY = "1,2";
			};
			name = Release;
		};
/* End XCBuildConfiguration section */

/* Begin XCConfigurationList section */
		83F10428297C5B6700B93FB4 /* Build configuration list for PBXProject "TravelBooking" */ = {
			isa = XCConfigurationList;
			buildConfigurations = (
				83F10439297C5B6800B93FB4 /* Debug */,
				83F1043A297C5B6800B93FB4 /* Release */,
			);
			defaultConfigurationIsVisible = 0;
			defaultConfigurationName = Release;
		};
		83F1043B297C5B6800B93FB4 /* Build configuration list for PBXNativeTarget "TravelBooking" */ = {
			isa = XCConfigurationList;
			buildConfigurations = (
				83F1043C297C5B6800B93FB4 /* Debug */,
				83F1043D297C5B6800B93FB4 /* Release */,
			);
			defaultConfigurationIsVisible = 0;
			defaultConfigurationName = Release;
		};
/* End XCConfigurationList section */
	};
	rootObject = 83F10425297C5B6700B93FB4 /* Project object */;
}
