// !$*UTF8*$!
{
	archiveVersion = 1;
	classes = {
	};
	objectVersion = 56;
	objects = {

/* Begin PBXBuildFile section */
		D9E0DC85297B34020002BF59 /* Travel_Booking_AppApp.swift in Sources */ = {isa = PBXBuildFile; fileRef = D9E0DC84297B34020002BF59 /* Travel_Booking_AppApp.swift */; };
		D9E0DC87297B34020002BF59 /* ScreenOne.swift in Sources */ = {isa = PBXBuildFile; fileRef = D9E0DC86297B34020002BF59 /* ScreenOne.swift */; };
		D9E0DC89297B34040002BF59 /* Assets.xcassets in Resources */ = {isa = PBXBuildFile; fileRef = D9E0DC88297B34040002BF59 /* Assets.xcassets */; };
		D9E0DC8C297B34040002BF59 /* Preview Assets.xcassets in Resources */ = {isa = PBXBuildFile; fileRef = D9E0DC8B297B34040002BF59 /* Preview Assets.xcassets */; };
		D9E0DC93297BE7C70002BF59 /* ScreenTwo.swift in Sources */ = {isa = PBXBuildFile; fileRef = D9E0DC92297BE7C70002BF59 /* ScreenTwo.swift */; };
		D9E0DC95297BF5820002BF59 /* ScreenThree.swift in Sources */ = {isa = PBXBuildFile; fileRef = D9E0DC94297BF5820002BF59 /* ScreenThree.swift */; };
		D9E0DC97297BFC4E0002BF59 /* extension.swift in Sources */ = {isa = PBXBuildFile; fileRef = D9E0DC96297BFC4E0002BF59 /* extension.swift */; };
		D9E0DC99297C481E0002BF59 /* ScreenFour.swift in Sources */ = {isa = PBXBuildFile; fileRef = D9E0DC98297C481E0002BF59 /* ScreenFour.swift */; };
		D9E0DC9B297C5C620002BF59 /* ScreenFive.swift in Sources */ = {isa = PBXBuildFile; fileRef = D9E0DC9A297C5C620002BF59 /* ScreenFive.swift */; };
		D9E0DC9D297C6DF80002BF59 /* ScreenSix.swift in Sources */ = {isa = PBXBuildFile; fileRef = D9E0DC9C297C6DF80002BF59 /* ScreenSix.swift */; };
		D9E0DC9F297C82A80002BF59 /* ScreenSeven.swift in Sources */ = {isa = PBXBuildFile; fileRef = D9E0DC9E297C82A80002BF59 /* ScreenSeven.swift */; };
		D9E0DCA1297C82C80002BF59 /* ScreenEght.swift in Sources */ = {isa = PBXBuildFile; fileRef = D9E0DCA0297C82C80002BF59 /* ScreenEght.swift */; };
/* End PBXBuildFile section */

/* Begin PBXFileReference section */
		D9E0DC81297B34020002BF59 /* Travel Booking App.app */ = {isa = PBXFileReference; explicitFileType = wrapper.application; includeInIndex = 0; path = "Travel Booking App.app"; sourceTree = BUILT_PRODUCTS_DIR; };
		D9E0DC84297B34020002BF59 /* Travel_Booking_AppApp.swift */ = {isa = PBXFileReference; lastKnownFileType = sourcecode.swift; path = Travel_Booking_AppApp.swift; sourceTree = "<group>"; };
		D9E0DC86297B34020002BF59 /* ScreenOne.swift */ = {isa = PBXFileReference; lastKnownFileType = sourcecode.swift; path = ScreenOne.swift; sourceTree = "<group>"; };
		D9E0DC88297B34040002BF59 /* Assets.xcassets */ = {isa = PBXFileReference; lastKnownFileType = folder.assetcatalog; path = Assets.xcassets; sourceTree = "<group>"; };
		D9E0DC8B297B34040002BF59 /* Preview Assets.xcassets */ = {isa = PBXFileReference; lastKnownFileType = folder.assetcatalog; path = "Preview Assets.xcassets"; sourceTree = "<group>"; };
		D9E0DC92297BE7C70002BF59 /* ScreenTwo.swift */ = {isa = PBXFileReference; lastKnownFileType = sourcecode.swift; path = ScreenTwo.swift; sourceTree = "<group>"; };
		D9E0DC94297BF5820002BF59 /* ScreenThree.swift */ = {isa = PBXFileReference; lastKnownFileType = sourcecode.swift; path = ScreenThree.swift; sourceTree = "<group>"; };
		D9E0DC96297BFC4E0002BF59 /* extension.swift */ = {isa = PBXFileReference; lastKnownFileType = sourcecode.swift; path = extension.swift; sourceTree = "<group>"; };
		D9E0DC98297C481E0002BF59 /* ScreenFour.swift */ = {isa = PBXFileReference; lastKnownFileType = sourcecode.swift; path = ScreenFour.swift; sourceTree = "<group>"; };
		D9E0DC9A297C5C620002BF59 /* ScreenFive.swift */ = {isa = PBXFileReference; lastKnownFileType = sourcecode.swift; path = ScreenFive.swift; sourceTree = "<group>"; };
		D9E0DC9C297C6DF80002BF59 /* ScreenSix.swift */ = {isa = PBXFileReference; lastKnownFileType = sourcecode.swift; path = ScreenSix.swift; sourceTree = "<group>"; };
		D9E0DC9E297C82A80002BF59 /* ScreenSeven.swift */ = {isa = PBXFileReference; lastKnownFileType = sourcecode.swift; path = ScreenSeven.swift; sourceTree = "<group>"; };
		D9E0DCA0297C82C80002BF59 /* ScreenEght.swift */ = {isa = PBXFileReference; lastKnownFileType = sourcecode.swift; path = ScreenEght.swift; sourceTree = "<group>"; };
/* End PBXFileReference section */

/* Begin PBXFrameworksBuildPhase section */
		D9E0DC7E297B34020002BF59 /* Frameworks */ = {
			isa = PBXFrameworksBuildPhase;
			buildActionMask = 2147483647;
			files = (
			);
			runOnlyForDeploymentPostprocessing = 0;
		};
/* End PBXFrameworksBuildPhase section */

/* Begin PBXGroup section */
		D9E0DC78297B34020002BF59 = {
			isa = PBXGroup;
			children = (
				D9E0DC83297B34020002BF59 /* Travel Booking App */,
				D9E0DC82297B34020002BF59 /* Products */,
			);
			sourceTree = "<group>";
		};
		D9E0DC82297B34020002BF59 /* Products */ = {
			isa = PBXGroup;
			children = (
				D9E0DC81297B34020002BF59 /* Travel Booking App.app */,
			);
			name = Products;
			sourceTree = "<group>";
		};
		D9E0DC83297B34020002BF59 /* Travel Booking App */ = {
			isa = PBXGroup;
			children = (
				D9E0DC84297B34020002BF59 /* Travel_Booking_AppApp.swift */,
				D9E0DC86297B34020002BF59 /* ScreenOne.swift */,
				D9E0DC92297BE7C70002BF59 /* ScreenTwo.swift */,
				D9E0DC94297BF5820002BF59 /* ScreenThree.swift */,
				D9E0DC98297C481E0002BF59 /* ScreenFour.swift */,
				D9E0DC9A297C5C620002BF59 /* ScreenFive.swift */,
				D9E0DC9C297C6DF80002BF59 /* ScreenSix.swift */,
				D9E0DC9E297C82A80002BF59 /* ScreenSeven.swift */,
				D9E0DCA0297C82C80002BF59 /* ScreenEght.swift */,
				D9E0DC96297BFC4E0002BF59 /* extension.swift */,
				D9E0DC88297B34040002BF59 /* Assets.xcassets */,
				D9E0DC8A297B34040002BF59 /* Preview Content */,
			);
			path = "Travel Booking App";
			sourceTree = "<group>";
		};
		D9E0DC8A297B34040002BF59 /* Preview Content */ = {
			isa = PBXGroup;
			children = (
				D9E0DC8B297B34040002BF59 /* Preview Assets.xcassets */,
			);
			path = "Preview Content";
			sourceTree = "<group>";
		};
/* End PBXGroup section */

/* Begin PBXNativeTarget section */
		D9E0DC80297B34020002BF59 /* Travel Booking App */ = {
			isa = PBXNativeTarget;
			buildConfigurationList = D9E0DC8F297B34040002BF59 /* Build configuration list for PBXNativeTarget "Travel Booking App" */;
			buildPhases = (
				D9E0DC7D297B34020002BF59 /* Sources */,
				D9E0DC7E297B34020002BF59 /* Frameworks */,
				D9E0DC7F297B34020002BF59 /* Resources */,
			);
			buildRules = (
			);
			dependencies = (
			);
			name = "Travel Booking App";
			productName = "Travel Booking App";
			productReference = D9E0DC81297B34020002BF59 /* Travel Booking App.app */;
			productType = "com.apple.product-type.application";
		};
/* End PBXNativeTarget section */

/* Begin PBXProject section */
		D9E0DC79297B34020002BF59 /* Project object */ = {
			isa = PBXProject;
			attributes = {
				BuildIndependentTargetsInParallel = 1;
				LastSwiftUpdateCheck = 1420;
				LastUpgradeCheck = 1420;
				TargetAttributes = {
					D9E0DC80297B34020002BF59 = {
						CreatedOnToolsVersion = 14.2;
					};
				};
			};
			buildConfigurationList = D9E0DC7C297B34020002BF59 /* Build configuration list for PBXProject "Travel Booking App" */;
			compatibilityVersion = "Xcode 14.0";
			developmentRegion = en;
			hasScannedForEncodings = 0;
			knownRegions = (
				en,
				Base,
			);
			mainGroup = D9E0DC78297B34020002BF59;
			productRefGroup = D9E0DC82297B34020002BF59 /* Products */;
			projectDirPath = "";
			projectRoot = "";
			targets = (
				D9E0DC80297B34020002BF59 /* Travel Booking App */,
			);
		};
/* End PBXProject section */

/* Begin PBXResourcesBuildPhase section */
		D9E0DC7F297B34020002BF59 /* Resources */ = {
			isa = PBXResourcesBuildPhase;
			buildActionMask = 2147483647;
			files = (
				D9E0DC8C297B34040002BF59 /* Preview Assets.xcassets in Resources */,
				D9E0DC89297B34040002BF59 /* Assets.xcassets in Resources */,
			);
			runOnlyForDeploymentPostprocessing = 0;
		};
/* End PBXResourcesBuildPhase section */

/* Begin PBXSourcesBuildPhase section */
		D9E0DC7D297B34020002BF59 /* Sources */ = {
			isa = PBXSourcesBuildPhase;
			buildActionMask = 2147483647;
			files = (
				D9E0DC95297BF5820002BF59 /* ScreenThree.swift in Sources */,
				D9E0DC99297C481E0002BF59 /* ScreenFour.swift in Sources */,
				D9E0DC87297B34020002BF59 /* ScreenOne.swift in Sources */,
				D9E0DCA1297C82C80002BF59 /* ScreenEght.swift in Sources */,
				D9E0DC93297BE7C70002BF59 /* ScreenTwo.swift in Sources */,
				D9E0DC97297BFC4E0002BF59 /* extension.swift in Sources */,
				D9E0DC9B297C5C620002BF59 /* ScreenFive.swift in Sources */,
				D9E0DC9F297C82A80002BF59 /* ScreenSeven.swift in Sources */,
				D9E0DC9D297C6DF80002BF59 /* ScreenSix.swift in Sources */,
				D9E0DC85297B34020002BF59 /* Travel_Booking_AppApp.swift in Sources */,
			);
			runOnlyForDeploymentPostprocessing = 0;
		};
/* End PBXSourcesBuildPhase section */

/* Begin XCBuildConfiguration section */
		D9E0DC8D297B34040002BF59 /* Debug */ = {
			isa = XCBuildConfiguration;
			buildSettings = {
				ALWAYS_SEARCH_USER_PATHS = NO;
				CLANG_ANALYZER_NONNULL = YES;
				CLANG_ANALYZER_NUMBER_OBJECT_CONVERSION = YES_AGGRESSIVE;
				CLANG_CXX_LANGUAGE_STANDARD = "gnu++20";
				CLANG_ENABLE_MODULES = YES;
				CLANG_ENABLE_OBJC_ARC = YES;
				CLANG_ENABLE_OBJC_WEAK = YES;
				CLANG_WARN_BLOCK_CAPTURE_AUTORELEASING = YES;
				CLANG_WARN_BOOL_CONVERSION = YES;
				CLANG_WARN_COMMA = YES;
				CLANG_WARN_CONSTANT_CONVERSION = YES;
				CLANG_WARN_DEPRECATED_OBJC_IMPLEMENTATIONS = YES;
				CLANG_WARN_DIRECT_OBJC_ISA_USAGE = YES_ERROR;
				CLANG_WARN_DOCUMENTATION_COMMENTS = YES;
				CLANG_WARN_EMPTY_BODY = YES;
				CLANG_WARN_ENUM_CONVERSION = YES;
				CLANG_WARN_INFINITE_RECURSION = YES;
				CLANG_WARN_INT_CONVERSION = YES;
				CLANG_WARN_NON_LITERAL_NULL_CONVERSION = YES;
				CLANG_WARN_OBJC_IMPLICIT_RETAIN_SELF = YES;
				CLANG_WARN_OBJC_LITERAL_CONVERSION = YES;
				CLANG_WARN_OBJC_ROOT_CLASS = YES_ERROR;
				CLANG_WARN_QUOTED_INCLUDE_IN_FRAMEWORK_HEADER = YES;
				CLANG_WARN_RANGE_LOOP_ANALYSIS = YES;
				CLANG_WARN_STRICT_PROTOTYPES = YES;
				CLANG_WARN_SUSPICIOUS_MOVE = YES;
				CLANG_WARN_UNGUARDED_AVAILABILITY = YES_AGGRESSIVE;
				CLANG_WARN_UNREACHABLE_CODE = YES;
				CLANG_WARN__DUPLICATE_METHOD_MATCH = YES;
				COPY_PHASE_STRIP = NO;
				DEBUG_INFORMATION_FORMAT = dwarf;
				ENABLE_STRICT_OBJC_MSGSEND = YES;
				ENABLE_TESTABILITY = YES;
				GCC_C_LANGUAGE_STANDARD = gnu11;
				GCC_DYNAMIC_NO_PIC = NO;
				GCC_NO_COMMON_BLOCKS = YES;
				GCC_OPTIMIZATION_LEVEL = 0;
				GCC_PREPROCESSOR_DEFINITIONS = (
					"DEBUG=1",
					"$(inherited)",
				);
				GCC_WARN_64_TO_32_BIT_CONVERSION = YES;
				GCC_WARN_ABOUT_RETURN_TYPE = YES_ERROR;
				GCC_WARN_UNDECLARED_SELECTOR = YES;
				GCC_WARN_UNINITIALIZED_AUTOS = YES_AGGRESSIVE;
				GCC_WARN_UNUSED_FUNCTION = YES;
				GCC_WARN_UNUSED_VARIABLE = YES;
				IPHONEOS_DEPLOYMENT_TARGET = 16.2;
				MTL_ENABLE_DEBUG_INFO = INCLUDE_SOURCE;
				MTL_FAST_MATH = YES;
				ONLY_ACTIVE_ARCH = YES;
				SDKROOT = iphoneos;
				SWIFT_ACTIVE_COMPILATION_CONDITIONS = DEBUG;
				SWIFT_OPTIMIZATION_LEVEL = "-Onone";
			};
			name = Debug;
		};
		D9E0DC8E297B34040002BF59 /* Release */ = {
			isa = XCBuildConfiguration;
			buildSettings = {
				ALWAYS_SEARCH_USER_PATHS = NO;
				CLANG_ANALYZER_NONNULL = YES;
				CLANG_ANALYZER_NUMBER_OBJECT_CONVERSION = YES_AGGRESSIVE;
				CLANG_CXX_LANGUAGE_STANDARD = "gnu++20";
				CLANG_ENABLE_MODULES = YES;
				CLANG_ENABLE_OBJC_ARC = YES;
				CLANG_ENABLE_OBJC_WEAK = YES;
				CLANG_WARN_BLOCK_CAPTURE_AUTORELEASING = YES;
				CLANG_WARN_BOOL_CONVERSION = YES;
				CLANG_WARN_COMMA = YES;
				CLANG_WARN_CONSTANT_CONVERSION = YES;
				CLANG_WARN_DEPRECATED_OBJC_IMPLEMENTATIONS = YES;
				CLANG_WARN_DIRECT_OBJC_ISA_USAGE = YES_ERROR;
				CLANG_WARN_DOCUMENTATION_COMMENTS = YES;
				CLANG_WARN_EMPTY_BODY = YES;
				CLANG_WARN_ENUM_CONVERSION = YES;
				CLANG_WARN_INFINITE_RECURSION = YES;
				CLANG_WARN_INT_CONVERSION = YES;
				CLANG_WARN_NON_LITERAL_NULL_CONVERSION = YES;
				CLANG_WARN_OBJC_IMPLICIT_RETAIN_SELF = YES;
				CLANG_WARN_OBJC_LITERAL_CONVERSION = YES;
				CLANG_WARN_OBJC_ROOT_CLASS = YES_ERROR;
				CLANG_WARN_QUOTED_INCLUDE_IN_FRAMEWORK_HEADER = YES;
				CLANG_WARN_RANGE_LOOP_ANALYSIS = YES;
				CLANG_WARN_STRICT_PROTOTYPES = YES;
				CLANG_WARN_SUSPICIOUS_MOVE = YES;
				CLANG_WARN_UNGUARDED_AVAILABILITY = YES_AGGRESSIVE;
				CLANG_WARN_UNREACHABLE_CODE = YES;
				CLANG_WARN__DUPLICATE_METHOD_MATCH = YES;
				COPY_PHASE_STRIP = NO;
				DEBUG_INFORMATION_FORMAT = "dwarf-with-dsym";
				ENABLE_NS_ASSERTIONS = NO;
				ENABLE_STRICT_OBJC_MSGSEND = YES;
				GCC_C_LANGUAGE_STANDARD = gnu11;
				GCC_NO_COMMON_BLOCKS = YES;
				GCC_WARN_64_TO_32_BIT_CONVERSION = YES;
				GCC_WARN_ABOUT_RETURN_TYPE = YES_ERROR;
				GCC_WARN_UNDECLARED_SELECTOR = YES;
				GCC_WARN_UNINITIALIZED_AUTOS = YES_AGGRESSIVE;
				GCC_WARN_UNUSED_FUNCTION = YES;
				GCC_WARN_UNUSED_VARIABLE = YES;
				IPHONEOS_DEPLOYMENT_TARGET = 16.2;
				MTL_ENABLE_DEBUG_INFO = NO;
				MTL_FAST_MATH = YES;
				SDKROOT = iphoneos;
				SWIFT_COMPILATION_MODE = wholemodule;
				SWIFT_OPTIMIZATION_LEVEL = "-O";
				VALIDATE_PRODUCT = YES;
			};
			name = Release;
		};
		D9E0DC90297B34040002BF59 /* Debug */ = {
			isa = XCBuildConfiguration;
			buildSettings = {
				ASSETCATALOG_COMPILER_APPICON_NAME = AppIcon;
				ASSETCATALOG_COMPILER_GLOBAL_ACCENT_COLOR_NAME = AccentColor;
				CODE_SIGN_STYLE = Automatic;
				CURRENT_PROJECT_VERSION = 1;
				DEVELOPMENT_ASSET_PATHS = "\"Travel Booking App/Preview Content\"";
				ENABLE_PREVIEWS = YES;
				GENERATE_INFOPLIST_FILE = YES;
				INFOPLIST_KEY_UIApplicationSceneManifest_Generation = YES;
				INFOPLIST_KEY_UIApplicationSupportsIndirectInputEvents = YES;
				INFOPLIST_KEY_UILaunchScreen_Generation = YES;
				INFOPLIST_KEY_UISupportedInterfaceOrientations_iPad = "UIInterfaceOrientationPortrait UIInterfaceOrientationPortraitUpsideDown UIInterfaceOrientationLandscapeLeft UIInterfaceOrientationLandscapeRight";
				INFOPLIST_KEY_UISupportedInterfaceOrientations_iPhone = "UIInterfaceOrientationPortrait UIInterfaceOrientationLandscapeLeft UIInterfaceOrientationLandscapeRight";
				LD_RUNPATH_SEARCH_PATHS = (
					"$(inherited)",
					"@executable_path/Frameworks",
				);
				MARKETING_VERSION = 1.0;
				PRODUCT_BUNDLE_IDENTIFIER = "s.Travel-Booking-App";
				PRODUCT_NAME = "$(TARGET_NAME)";
				SWIFT_EMIT_LOC_STRINGS = YES;
				SWIFT_VERSION = 5.0;
				TARGETED_DEVICE_FAMILY = "1,2";
			};
			name = Debug;
		};
		D9E0DC91297B34040002BF59 /* Release */ = {
			isa = XCBuildConfiguration;
			buildSettings = {
				ASSETCATALOG_COMPILER_APPICON_NAME = AppIcon;
				ASSETCATALOG_COMPILER_GLOBAL_ACCENT_COLOR_NAME = AccentColor;
				CODE_SIGN_STYLE = Automatic;
				CURRENT_PROJECT_VERSION = 1;
				DEVELOPMENT_ASSET_PATHS = "\"Travel Booking App/Preview Content\"";
				ENABLE_PREVIEWS = YES;
				GENERATE_INFOPLIST_FILE = YES;
				INFOPLIST_KEY_UIApplicationSceneManifest_Generation = YES;
				INFOPLIST_KEY_UIApplicationSupportsIndirectInputEvents = YES;
				INFOPLIST_KEY_UILaunchScreen_Generation = YES;
				INFOPLIST_KEY_UISupportedInterfaceOrientations_iPad = "UIInterfaceOrientationPortrait UIInterfaceOrientationPortraitUpsideDown UIInterfaceOrientationLandscapeLeft UIInterfaceOrientationLandscapeRight";
				INFOPLIST_KEY_UISupportedInterfaceOrientations_iPhone = "UIInterfaceOrientationPortrait UIInterfaceOrientationLandscapeLeft UIInterfaceOrientationLandscapeRight";
				LD_RUNPATH_SEARCH_PATHS = (
					"$(inherited)",
					"@executable_path/Frameworks",
				);
				MARKETING_VERSION = 1.0;
				PRODUCT_BUNDLE_IDENTIFIER = "s.Travel-Booking-App";
				PRODUCT_NAME = "$(TARGET_NAME)";
				SWIFT_EMIT_LOC_STRINGS = YES;
				SWIFT_VERSION = 5.0;
				TARGETED_DEVICE_FAMILY = "1,2";
			};
			name = Release;
		};
/* End XCBuildConfiguration section */

/* Begin XCConfigurationList section */
		D9E0DC7C297B34020002BF59 /* Build configuration list for PBXProject "Travel Booking App" */ = {
			isa = XCConfigurationList;
			buildConfigurations = (
				D9E0DC8D297B34040002BF59 /* Debug */,
				D9E0DC8E297B34040002BF59 /* Release */,
			);
			defaultConfigurationIsVisible = 0;
			defaultConfigurationName = Release;
		};
		D9E0DC8F297B34040002BF59 /* Build configuration list for PBXNativeTarget "Travel Booking App" */ = {
			isa = XCConfigurationList;
			buildConfigurations = (
				D9E0DC90297B34040002BF59 /* Debug */,
				D9E0DC91297B34040002BF59 /* Release */,
			);
			defaultConfigurationIsVisible = 0;
			defaultConfigurationName = Release;
		};
/* End XCConfigurationList section */
	};
	rootObject = D9E0DC79297B34020002BF59 /* Project object */;
}
