// !$*UTF8*$!
{
	archiveVersion = 1;
	classes = {
	};
	objectVersion = 56;
	objects = {

/* Begin PBXBuildFile section */
		DBA0D1BA297CF9C700F89371 /* screen7.swift in Sources */ = {isa = PBXBuildFile; fileRef = DBA0D1B9297CF9C700F89371 /* screen7.swift */; };
		DBA0D1BC297D0C8B00F89371 /* screen8.swift in Sources */ = {isa = PBXBuildFile; fileRef = DBA0D1BB297D0C8B00F89371 /* screen8.swift */; };
		DBBF6987297A8484000007D8 /* homework_ass10App.swift in Sources */ = {isa = PBXBuildFile; fileRef = DBBF6986297A8484000007D8 /* homework_ass10App.swift */; };
		DBBF6989297A8484000007D8 /* ContentView.swift in Sources */ = {isa = PBXBuildFile; fileRef = DBBF6988297A8484000007D8 /* ContentView.swift */; };
		DBBF698B297A8486000007D8 /* Assets.xcassets in Resources */ = {isa = PBXBuildFile; fileRef = DBBF698A297A8486000007D8 /* Assets.xcassets */; };
		DBBF698E297A8486000007D8 /* Preview Assets.xcassets in Resources */ = {isa = PBXBuildFile; fileRef = DBBF698D297A8486000007D8 /* Preview Assets.xcassets */; };
		DBBF6995297AAE16000007D8 /* screen 2.swift in Sources */ = {isa = PBXBuildFile; fileRef = DBBF6994297AAE16000007D8 /* screen 2.swift */; };
		DBBF6999297B5DB4000007D8 /* screen 3..swift in Sources */ = {isa = PBXBuildFile; fileRef = DBBF6998297B5DB3000007D8 /* screen 3..swift */; };
		DBBF699B297C3E26000007D8 /* screen4.swift in Sources */ = {isa = PBXBuildFile; fileRef = DBBF699A297C3E26000007D8 /* screen4.swift */; };
		DBBF699D297C6887000007D8 /* screen5.swift in Sources */ = {isa = PBXBuildFile; fileRef = DBBF699C297C6887000007D8 /* screen5.swift */; };
		DBBF699F297C964C000007D8 /* screen6.swift in Sources */ = {isa = PBXBuildFile; fileRef = DBBF699E297C964C000007D8 /* screen6.swift */; };
/* End PBXBuildFile section */

/* Begin PBXFileReference section */
		DBA0D1B9297CF9C700F89371 /* screen7.swift */ = {isa = PBXFileReference; lastKnownFileType = sourcecode.swift; path = screen7.swift; sourceTree = "<group>"; };
		DBA0D1BB297D0C8B00F89371 /* screen8.swift */ = {isa = PBXFileReference; lastKnownFileType = sourcecode.swift; path = screen8.swift; sourceTree = "<group>"; };
		DBBF6983297A8484000007D8 /* homework ass10.app */ = {isa = PBXFileReference; explicitFileType = wrapper.application; includeInIndex = 0; path = "homework ass10.app"; sourceTree = BUILT_PRODUCTS_DIR; };
		DBBF6986297A8484000007D8 /* homework_ass10App.swift */ = {isa = PBXFileReference; lastKnownFileType = sourcecode.swift; path = homework_ass10App.swift; sourceTree = "<group>"; };
		DBBF6988297A8484000007D8 /* ContentView.swift */ = {isa = PBXFileReference; lastKnownFileType = sourcecode.swift; path = ContentView.swift; sourceTree = "<group>"; };
		DBBF698A297A8486000007D8 /* Assets.xcassets */ = {isa = PBXFileReference; lastKnownFileType = folder.assetcatalog; path = Assets.xcassets; sourceTree = "<group>"; };
		DBBF698D297A8486000007D8 /* Preview Assets.xcassets */ = {isa = PBXFileReference; lastKnownFileType = folder.assetcatalog; path = "Preview Assets.xcassets"; sourceTree = "<group>"; };
		DBBF6994297AAE16000007D8 /* screen 2.swift */ = {isa = PBXFileReference; lastKnownFileType = sourcecode.swift; path = "screen 2.swift"; sourceTree = "<group>"; };
		DBBF6998297B5DB3000007D8 /* screen 3..swift */ = {isa = PBXFileReference; lastKnownFileType = sourcecode.swift; path = "screen 3..swift"; sourceTree = "<group>"; };
		DBBF699A297C3E26000007D8 /* screen4.swift */ = {isa = PBXFileReference; lastKnownFileType = sourcecode.swift; path = screen4.swift; sourceTree = "<group>"; };
		DBBF699C297C6887000007D8 /* screen5.swift */ = {isa = PBXFileReference; lastKnownFileType = sourcecode.swift; path = screen5.swift; sourceTree = "<group>"; };
		DBBF699E297C964C000007D8 /* screen6.swift */ = {isa = PBXFileReference; lastKnownFileType = sourcecode.swift; path = screen6.swift; sourceTree = "<group>"; };
/* End PBXFileReference section */

/* Begin PBXFrameworksBuildPhase section */
		DBBF6980297A8484000007D8 /* Frameworks */ = {
			isa = PBXFrameworksBuildPhase;
			buildActionMask = 2147483647;
			files = (
			);
			runOnlyForDeploymentPostprocessing = 0;
		};
/* End PBXFrameworksBuildPhase section */

/* Begin PBXGroup section */
		DBBF697A297A8484000007D8 = {
			isa = PBXGroup;
			children = (
				DBBF6985297A8484000007D8 /* homework ass10 */,
				DBBF6984297A8484000007D8 /* Products */,
			);
			sourceTree = "<group>";
		};
		DBBF6984297A8484000007D8 /* Products */ = {
			isa = PBXGroup;
			children = (
				DBBF6983297A8484000007D8 /* homework ass10.app */,
			);
			name = Products;
			sourceTree = "<group>";
		};
		DBBF6985297A8484000007D8 /* homework ass10 */ = {
			isa = PBXGroup;
			children = (
				DBBF6986297A8484000007D8 /* homework_ass10App.swift */,
				DBBF6988297A8484000007D8 /* ContentView.swift */,
				DBBF698A297A8486000007D8 /* Assets.xcassets */,
				DBBF698C297A8486000007D8 /* Preview Content */,
			);
			path = "homework ass10";
			sourceTree = "<group>";
		};
		DBBF698C297A8486000007D8 /* Preview Content */ = {
			isa = PBXGroup;
			children = (
				DBBF698D297A8486000007D8 /* Preview Assets.xcassets */,
				DBBF6994297AAE16000007D8 /* screen 2.swift */,
				DBBF6998297B5DB3000007D8 /* screen 3..swift */,
				DBBF699A297C3E26000007D8 /* screen4.swift */,
				DBBF699C297C6887000007D8 /* screen5.swift */,
				DBBF699E297C964C000007D8 /* screen6.swift */,
				DBA0D1B9297CF9C700F89371 /* screen7.swift */,
				DBA0D1BB297D0C8B00F89371 /* screen8.swift */,
			);
			path = "Preview Content";
			sourceTree = "<group>";
		};
/* End PBXGroup section */

/* Begin PBXNativeTarget section */
		DBBF6982297A8484000007D8 /* homework ass10 */ = {
			isa = PBXNativeTarget;
			buildConfigurationList = DBBF6991297A8486000007D8 /* Build configuration list for PBXNativeTarget "homework ass10" */;
			buildPhases = (
				DBBF697F297A8484000007D8 /* Sources */,
				DBBF6980297A8484000007D8 /* Frameworks */,
				DBBF6981297A8484000007D8 /* Resources */,
			);
			buildRules = (
			);
			dependencies = (
			);
			name = "homework ass10";
			productName = "homework ass10";
			productReference = DBBF6983297A8484000007D8 /* homework ass10.app */;
			productType = "com.apple.product-type.application";
		};
/* End PBXNativeTarget section */

/* Begin PBXProject section */
		DBBF697B297A8484000007D8 /* Project object */ = {
			isa = PBXProject;
			attributes = {
				BuildIndependentTargetsInParallel = 1;
				LastSwiftUpdateCheck = 1420;
				LastUpgradeCheck = 1420;
				TargetAttributes = {
					DBBF6982297A8484000007D8 = {
						CreatedOnToolsVersion = 14.2;
					};
				};
			};
			buildConfigurationList = DBBF697E297A8484000007D8 /* Build configuration list for PBXProject "homework ass10" */;
			compatibilityVersion = "Xcode 14.0";
			developmentRegion = en;
			hasScannedForEncodings = 0;
			knownRegions = (
				en,
				Base,
			);
			mainGroup = DBBF697A297A8484000007D8;
			productRefGroup = DBBF6984297A8484000007D8 /* Products */;
			projectDirPath = "";
			projectRoot = "";
			targets = (
				DBBF6982297A8484000007D8 /* homework ass10 */,
			);
		};
/* End PBXProject section */

/* Begin PBXResourcesBuildPhase section */
		DBBF6981297A8484000007D8 /* Resources */ = {
			isa = PBXResourcesBuildPhase;
			buildActionMask = 2147483647;
			files = (
				DBBF698E297A8486000007D8 /* Preview Assets.xcassets in Resources */,
				DBBF698B297A8486000007D8 /* Assets.xcassets in Resources */,
			);
			runOnlyForDeploymentPostprocessing = 0;
		};
/* End PBXResourcesBuildPhase section */

/* Begin PBXSourcesBuildPhase section */
		DBBF697F297A8484000007D8 /* Sources */ = {
			isa = PBXSourcesBuildPhase;
			buildActionMask = 2147483647;
			files = (
				DBBF6995297AAE16000007D8 /* screen 2.swift in Sources */,
				DBBF6989297A8484000007D8 /* ContentView.swift in Sources */,
				DBBF6987297A8484000007D8 /* homework_ass10App.swift in Sources */,
				DBBF699B297C3E26000007D8 /* screen4.swift in Sources */,
				DBBF6999297B5DB4000007D8 /* screen 3..swift in Sources */,
				DBBF699D297C6887000007D8 /* screen5.swift in Sources */,
				DBBF699F297C964C000007D8 /* screen6.swift in Sources */,
				DBA0D1BA297CF9C700F89371 /* screen7.swift in Sources */,
				DBA0D1BC297D0C8B00F89371 /* screen8.swift in Sources */,
			);
			runOnlyForDeploymentPostprocessing = 0;
		};
/* End PBXSourcesBuildPhase section */

/* Begin XCBuildConfiguration section */
		DBBF698F297A8486000007D8 /* Debug */ = {
			isa = XCBuildConfiguration;
			buildSettings = {
				ALWAYS_SEARCH_USER_PATHS = NO;
				CLANG_ANALYZER_NONNULL = YES;
				CLANG_ANALYZER_NUMBER_OBJECT_CONVERSION = YES_AGGRESSIVE;
				CLANG_CXX_LANGUAGE_STANDARD = "gnu++20";
				CLANG_ENABLE_MODULES = YES;
				CLANG_ENABLE_OBJC_ARC = YES;
				CLANG_ENABLE_OBJC_WEAK = YES;
				CLANG_WARN_BLOCK_CAPTURE_AUTORELEASING = YES;
				CLANG_WARN_BOOL_CONVERSION = YES;
				CLANG_WARN_COMMA = YES;
				CLANG_WARN_CONSTANT_CONVERSION = YES;
				CLANG_WARN_DEPRECATED_OBJC_IMPLEMENTATIONS = YES;
				CLANG_WARN_DIRECT_OBJC_ISA_USAGE = YES_ERROR;
				CLANG_WARN_DOCUMENTATION_COMMENTS = YES;
				CLANG_WARN_EMPTY_BODY = YES;
				CLANG_WARN_ENUM_CONVERSION = YES;
				CLANG_WARN_INFINITE_RECURSION = YES;
				CLANG_WARN_INT_CONVERSION = YES;
				CLANG_WARN_NON_LITERAL_NULL_CONVERSION = YES;
				CLANG_WARN_OBJC_IMPLICIT_RETAIN_SELF = YES;
				CLANG_WARN_OBJC_LITERAL_CONVERSION = YES;
				CLANG_WARN_OBJC_ROOT_CLASS = YES_ERROR;
				CLANG_WARN_QUOTED_INCLUDE_IN_FRAMEWORK_HEADER = YES;
				CLANG_WARN_RANGE_LOOP_ANALYSIS = YES;
				CLANG_WARN_STRICT_PROTOTYPES = YES;
				CLANG_WARN_SUSPICIOUS_MOVE = YES;
				CLANG_WARN_UNGUARDED_AVAILABILITY = YES_AGGRESSIVE;
				CLANG_WARN_UNREACHABLE_CODE = YES;
				CLANG_WARN__DUPLICATE_METHOD_MATCH = YES;
				COPY_PHASE_STRIP = NO;
				DEBUG_INFORMATION_FORMAT = dwarf;
				ENABLE_STRICT_OBJC_MSGSEND = YES;
				ENABLE_TESTABILITY = YES;
				GCC_C_LANGUAGE_STANDARD = gnu11;
				GCC_DYNAMIC_NO_PIC = NO;
				GCC_NO_COMMON_BLOCKS = YES;
				GCC_OPTIMIZATION_LEVEL = 0;
				GCC_PREPROCESSOR_DEFINITIONS = (
					"DEBUG=1",
					"$(inherited)",
				);
				GCC_WARN_64_TO_32_BIT_CONVERSION = YES;
				GCC_WARN_ABOUT_RETURN_TYPE = YES_ERROR;
				GCC_WARN_UNDECLARED_SELECTOR = YES;
				GCC_WARN_UNINITIALIZED_AUTOS = YES_AGGRESSIVE;
				GCC_WARN_UNUSED_FUNCTION = YES;
				GCC_WARN_UNUSED_VARIABLE = YES;
				IPHONEOS_DEPLOYMENT_TARGET = 16.2;
				MTL_ENABLE_DEBUG_INFO = INCLUDE_SOURCE;
				MTL_FAST_MATH = YES;
				ONLY_ACTIVE_ARCH = YES;
				SDKROOT = iphoneos;
				SWIFT_ACTIVE_COMPILATION_CONDITIONS = DEBUG;
				SWIFT_OPTIMIZATION_LEVEL = "-Onone";
			};
			name = Debug;
		};
		DBBF6990297A8486000007D8 /* Release */ = {
			isa = XCBuildConfiguration;
			buildSettings = {
				ALWAYS_SEARCH_USER_PATHS = NO;
				CLANG_ANALYZER_NONNULL = YES;
				CLANG_ANALYZER_NUMBER_OBJECT_CONVERSION = YES_AGGRESSIVE;
				CLANG_CXX_LANGUAGE_STANDARD = "gnu++20";
				CLANG_ENABLE_MODULES = YES;
				CLANG_ENABLE_OBJC_ARC = YES;
				CLANG_ENABLE_OBJC_WEAK = YES;
				CLANG_WARN_BLOCK_CAPTURE_AUTORELEASING = YES;
				CLANG_WARN_BOOL_CONVERSION = YES;
				CLANG_WARN_COMMA = YES;
				CLANG_WARN_CONSTANT_CONVERSION = YES;
				CLANG_WARN_DEPRECATED_OBJC_IMPLEMENTATIONS = YES;
				CLANG_WARN_DIRECT_OBJC_ISA_USAGE = YES_ERROR;
				CLANG_WARN_DOCUMENTATION_COMMENTS = YES;
				CLANG_WARN_EMPTY_BODY = YES;
				CLANG_WARN_ENUM_CONVERSION = YES;
				CLANG_WARN_INFINITE_RECURSION = YES;
				CLANG_WARN_INT_CONVERSION = YES;
				CLANG_WARN_NON_LITERAL_NULL_CONVERSION = YES;
				CLANG_WARN_OBJC_IMPLICIT_RETAIN_SELF = YES;
				CLANG_WARN_OBJC_LITERAL_CONVERSION = YES;
				CLANG_WARN_OBJC_ROOT_CLASS = YES_ERROR;
				CLANG_WARN_QUOTED_INCLUDE_IN_FRAMEWORK_HEADER = YES;
				CLANG_WARN_RANGE_LOOP_ANALYSIS = YES;
				CLANG_WARN_STRICT_PROTOTYPES = YES;
				CLANG_WARN_SUSPICIOUS_MOVE = YES;
				CLANG_WARN_UNGUARDED_AVAILABILITY = YES_AGGRESSIVE;
				CLANG_WARN_UNREACHABLE_CODE = YES;
				CLANG_WARN__DUPLICATE_METHOD_MATCH = YES;
				COPY_PHASE_STRIP = NO;
				DEBUG_INFORMATION_FORMAT = "dwarf-with-dsym";
				ENABLE_NS_ASSERTIONS = NO;
				ENABLE_STRICT_OBJC_MSGSEND = YES;
				GCC_C_LANGUAGE_STANDARD = gnu11;
				GCC_NO_COMMON_BLOCKS = YES;
				GCC_WARN_64_TO_32_BIT_CONVERSION = YES;
				GCC_WARN_ABOUT_RETURN_TYPE = YES_ERROR;
				GCC_WARN_UNDECLARED_SELECTOR = YES;
				GCC_WARN_UNINITIALIZED_AUTOS = YES_AGGRESSIVE;
				GCC_WARN_UNUSED_FUNCTION = YES;
				GCC_WARN_UNUSED_VARIABLE = YES;
				IPHONEOS_DEPLOYMENT_TARGET = 16.2;
				MTL_ENABLE_DEBUG_INFO = NO;
				MTL_FAST_MATH = YES;
				SDKROOT = iphoneos;
				SWIFT_COMPILATION_MODE = wholemodule;
				SWIFT_OPTIMIZATION_LEVEL = "-O";
				VALIDATE_PRODUCT = YES;
			};
			name = Release;
		};
		DBBF6992297A8486000007D8 /* Debug */ = {
			isa = XCBuildConfiguration;
			buildSettings = {
				ASSETCATALOG_COMPILER_APPICON_NAME = AppIcon;
				ASSETCATALOG_COMPILER_GLOBAL_ACCENT_COLOR_NAME = AccentColor;
				CODE_SIGN_STYLE = Automatic;
				CURRENT_PROJECT_VERSION = 1;
				DEVELOPMENT_ASSET_PATHS = "\"homework ass10/Preview Content\"";
				DEVELOPMENT_TEAM = 83QP68RYQV;
				ENABLE_PREVIEWS = YES;
				GENERATE_INFOPLIST_FILE = YES;
				INFOPLIST_KEY_UIApplicationSceneManifest_Generation = YES;
				INFOPLIST_KEY_UIApplicationSupportsIndirectInputEvents = YES;
				INFOPLIST_KEY_UILaunchScreen_Generation = YES;
				INFOPLIST_KEY_UISupportedInterfaceOrientations_iPad = "UIInterfaceOrientationPortrait UIInterfaceOrientationPortraitUpsideDown UIInterfaceOrientationLandscapeLeft UIInterfaceOrientationLandscapeRight";
				INFOPLIST_KEY_UISupportedInterfaceOrientations_iPhone = "UIInterfaceOrientationPortrait UIInterfaceOrientationLandscapeLeft UIInterfaceOrientationLandscapeRight";
				LD_RUNPATH_SEARCH_PATHS = (
					"$(inherited)",
					"@executable_path/Frameworks",
				);
				MARKETING_VERSION = 1.0;
				PRODUCT_BUNDLE_IDENTIFIER = "com.example.homework-ass10";
				PRODUCT_NAME = "$(TARGET_NAME)";
				SWIFT_EMIT_LOC_STRINGS = YES;
				SWIFT_VERSION = 5.0;
				TARGETED_DEVICE_FAMILY = "1,2";
			};
			name = Debug;
		};
		DBBF6993297A8486000007D8 /* Release */ = {
			isa = XCBuildConfiguration;
			buildSettings = {
				ASSETCATALOG_COMPILER_APPICON_NAME = AppIcon;
				ASSETCATALOG_COMPILER_GLOBAL_ACCENT_COLOR_NAME = AccentColor;
				CODE_SIGN_STYLE = Automatic;
				CURRENT_PROJECT_VERSION = 1;
				DEVELOPMENT_ASSET_PATHS = "\"homework ass10/Preview Content\"";
				DEVELOPMENT_TEAM = 83QP68RYQV;
				ENABLE_PREVIEWS = YES;
				GENERATE_INFOPLIST_FILE = YES;
				INFOPLIST_KEY_UIApplicationSceneManifest_Generation = YES;
				INFOPLIST_KEY_UIApplicationSupportsIndirectInputEvents = YES;
				INFOPLIST_KEY_UILaunchScreen_Generation = YES;
				INFOPLIST_KEY_UISupportedInterfaceOrientations_iPad = "UIInterfaceOrientationPortrait UIInterfaceOrientationPortraitUpsideDown UIInterfaceOrientationLandscapeLeft UIInterfaceOrientationLandscapeRight";
				INFOPLIST_KEY_UISupportedInterfaceOrientations_iPhone = "UIInterfaceOrientationPortrait UIInterfaceOrientationLandscapeLeft UIInterfaceOrientationLandscapeRight";
				LD_RUNPATH_SEARCH_PATHS = (
					"$(inherited)",
					"@executable_path/Frameworks",
				);
				MARKETING_VERSION = 1.0;
				PRODUCT_BUNDLE_IDENTIFIER = "com.example.homework-ass10";
				PRODUCT_NAME = "$(TARGET_NAME)";
				SWIFT_EMIT_LOC_STRINGS = YES;
				SWIFT_VERSION = 5.0;
				TARGETED_DEVICE_FAMILY = "1,2";
			};
			name = Release;
		};
/* End XCBuildConfiguration section */

/* Begin XCConfigurationList section */
		DBBF697E297A8484000007D8 /* Build configuration list for PBXProject "homework ass10" */ = {
			isa = XCConfigurationList;
			buildConfigurations = (
				DBBF698F297A8486000007D8 /* Debug */,
				DBBF6990297A8486000007D8 /* Release */,
			);
			defaultConfigurationIsVisible = 0;
			defaultConfigurationName = Release;
		};
		DBBF6991297A8486000007D8 /* Build configuration list for PBXNativeTarget "homework ass10" */ = {
			isa = XCConfigurationList;
			buildConfigurations = (
				DBBF6992297A8486000007D8 /* Debug */,
				DBBF6993297A8486000007D8 /* Release */,
			);
			defaultConfigurationIsVisible = 0;
			defaultConfigurationName = Release;
		};
/* End XCConfigurationList section */
	};
	rootObject = DBBF697B297A8484000007D8 /* Project object */;
}
